github.com/seccomp/libseccomp-golang v0.11.0 h1:SDkcBRqGLP+sezmMACkxO1EfgbghxIxnRKfd6mHUEis=
github.com/seccomp/libseccomp-golang v0.11.0/go.mod h1:5m1Lk8E9OwgZTTVz4bBOer7JuazaBa+xTkM895tDiWc=
golang.org/x/sys v0.29.0 h1:TPYlXGxvx1MGTn2GiZDhnjPA9wZzZeGKHHmKhHYvgaU=
golang.org/x/sys v0.29.0/go.mod h1:/VUhepiaJMQUp4+oa/7Zr1D23ma6VTLIYjOOTFZPUcA=
