github.com/colinwilson/lotusdocs v0.0.0-20230818024855-49afc59b7165 h1:mAdPDYE2n2gSX8TpXgIZCns5HYz8G3DfXqaY/4hAmfY=
github.com/colinwilson/lotusdocs v0.0.0-20230818024855-49afc59b7165/go.mod h1:9zu2REJDi+zdPRcR5/bRYSUR7gkNF4NQLvV38SEoCP8=
github.com/colinwilson/lotusdocs v0.0.0-20230820063310-51255ddcf986 h1:IZb47oZD5rU3QCqaVfZi4xoMhiVk5JECFOethhMPzEo=
github.com/colinwilson/lotusdocs v0.0.0-20230820063310-51255ddcf986/go.mod h1:9zu2REJDi+zdPRcR5/bRYSUR7gkNF4NQLvV38SEoCP8=
github.com/colinwilson/lotusdocs v0.0.0-20230821033552-c5bcbdd9df80 h1:jKZF8sqr/q34TF0batU4q/qs1VSj22AvVjJlO1y+BSk=
github.com/colinwilson/lotusdocs v0.0.0-20230821033552-c5bcbdd9df80/go.mod h1:9zu2REJDi+zdPRcR5/bRYSUR7gkNF4NQLvV38SEoCP8=
github.com/colinwilson/lotusdocs v0.0.0-20230919015602-a9717caaab14 h1:ORzVQia2njOTCs/5cTQZW0Y+YRZlupgwtGx3umABTcc=
github.com/colinwilson/lotusdocs v0.0.0-20230919015602-a9717caaab14/go.mod h1:9zu2REJDi+zdPRcR5/bRYSUR7gkNF4NQLvV38SEoCP8=
github.com/colinwilson/lotusdocs v0.1.0 h1:oTC8pAYQp9XDNaUwE4SEY+id3ByNELxIIFrktYEGxYA=
github.com/colinwilson/lotusdocs v0.1.0/go.mod h1:9zu2REJDi+zdPRcR5/bRYSUR7gkNF4NQLvV38SEoCP8=
github.com/gohugoio/hugo-mod-bootstrap-scss/v5 v5.20300.20003 h1:pt/JGVD5YYRsVVijOHPZI6YKTUvbR4e0hgV9B0S6rbI=
github.com/gohugoio/hugo-mod-bootstrap-scss/v5 v5.20300.20003/go.mod h1:mvM05r93HiefwoaxQTaYiJxtJAhTebwQtU1Xh/J+Okk=
github.com/gohugoio/hugo-mod-bootstrap-scss/v5 v5.20300.20200 h1:SmpwwN3DNzJWbV+IT8gaFu07ENUFpCvKou5BHYUKuVs=
github.com/gohugoio/hugo-mod-bootstrap-scss/v5 v5.20300.20200/go.mod h1:kx8MBj9T7SFR8ZClWvKZPmmUxBaltkoXvnWlZZcSnYA=
github.com/gohugoio/hugo-mod-jslibs-dist/popperjs/v2 v2.21100.20000/go.mod h1:mFberT6ZtcchrsDtfvJM7aAH2bDKLdOnruUHl0hlapI=
github.com/twbs/bootstrap v5.3.0+incompatible/go.mod h1:fZTSrkpSf0/HkL0IIJzvVspTt1r9zuf7XlZau8kpcY0=
github.com/twbs/bootstrap v5.3.2+incompatible/go.mod h1:fZTSrkpSf0/HkL0IIJzvVspTt1r9zuf7XlZau8kpcY0=
