lockfileVersion: '6.1'

settings:
  autoInstallPeers: true
  excludeLinksFromLockfile: false

devDependencies:
  husky:
    specifier: ^8.0.3
    version: registry.npmmirror.com/husky@8.0.3
  lint-staged:
    specifier: ^13.2.1
    version: registry.npmmirror.com/lint-staged@13.2.1
  prettier:
    specifier: ^2.8.7
    version: registry.npmmirror.com/prettier@2.8.7

packages:

  registry.npmmirror.com/aggregate-error@3.1.0:
    resolution: {integrity: sha512-4I7Td01quW/RpocfNayFdFVk1qSuoh0E7JrbRJ16nH01HhKFQ88INq9Sd+nd72zqRySlr9BmDA8xlEJ6vJMrYA==, registry: https://registry.npm.taobao.org/, tarball: https://registry.npmmirror.com/aggregate-error/-/aggregate-error-3.1.0.tgz}
    name: aggregate-error
    version: 3.1.0
    engines: {node: '>=8'}
    dependencies:
      clean-stack: registry.npmmirror.com/clean-stack@2.2.0
      indent-string: registry.npmmirror.com/indent-string@4.0.0
    dev: true

  registry.npmmirror.com/ansi-escapes@4.3.2:
    resolution: {integrity: sha512-gKXj5ALrKWQLsYG9jlTRmR/xKluxHV+Z9QEwNIgCfM1/uwPMCuzVVnh5mwTd+OuBZcwSIMbqssNWRm1lE51QaQ==, registry: https://registry.npm.taobao.org/, tarball: https://registry.npmmirror.com/ansi-escapes/-/ansi-escapes-4.3.2.tgz}
    name: ansi-escapes
    version: 4.3.2
    engines: {node: '>=8'}
    dependencies:
      type-fest: registry.npmmirror.com/type-fest@0.21.3
    dev: true

  registry.npmmirror.com/ansi-regex@5.0.1:
    resolution: {integrity: sha512-quJQXlTSUGL2LH9SUXo8VwsY4soanhgo6LNSm84E1LBcE8s3O0wpdiRzyR9z/ZZJMlMWv37qOOb9pdJlMUEKFQ==, registry: https://registry.npm.taobao.org/, tarball: https://registry.npmmirror.com/ansi-regex/-/ansi-regex-5.0.1.tgz}
    name: ansi-regex
    version: 5.0.1
    engines: {node: '>=8'}
    dev: true

  registry.npmmirror.com/ansi-regex@6.0.1:
    resolution: {integrity: sha512-n5M855fKb2SsfMIiFFoVrABHJC8QtHwVx+mHWP3QcEqBHYienj5dHSgjbxtC0WEZXYt4wcD6zrQElDPhFuZgfA==, registry: https://registry.npm.taobao.org/, tarball: https://registry.npmmirror.com/ansi-regex/-/ansi-regex-6.0.1.tgz}
    name: ansi-regex
    version: 6.0.1
    engines: {node: '>=12'}
    dev: true

  registry.npmmirror.com/ansi-styles@4.3.0:
    resolution: {integrity: sha512-zbB9rCJAT1rbjiVDb2hqKFHNYLxgtk8NURxZ3IZwD3F6NtxbXZQCnnSi1Lkx+IDohdPlFp222wVALIheZJQSEg==, registry: https://registry.npm.taobao.org/, tarball: https://registry.npmmirror.com/ansi-styles/-/ansi-styles-4.3.0.tgz}
    name: ansi-styles
    version: 4.3.0
    engines: {node: '>=8'}
    dependencies:
      color-convert: registry.npmmirror.com/color-convert@2.0.1
    dev: true

  registry.npmmirror.com/ansi-styles@6.2.1:
    resolution: {integrity: sha512-bN798gFfQX+viw3R7yrGWRqnrN2oRkEkUjjl4JNn4E8GxxbjtG3FbrEIIY3l8/hrwUwIeCZvi4QuOTP4MErVug==, registry: https://registry.npm.taobao.org/, tarball: https://registry.npmmirror.com/ansi-styles/-/ansi-styles-6.2.1.tgz}
    name: ansi-styles
    version: 6.2.1
    engines: {node: '>=12'}
    dev: true

  registry.npmmirror.com/astral-regex@2.0.0:
    resolution: {integrity: sha512-Z7tMw1ytTXt5jqMcOP+OQteU1VuNK9Y02uuJtKQ1Sv69jXQKKg5cibLwGJow8yzZP+eAc18EmLGPal0bp36rvQ==, registry: https://registry.npm.taobao.org/, tarball: https://registry.npmmirror.com/astral-regex/-/astral-regex-2.0.0.tgz}
    name: astral-regex
    version: 2.0.0
    engines: {node: '>=8'}
    dev: true

  registry.npmmirror.com/braces@3.0.2:
    resolution: {integrity: sha512-b8um+L1RzM3WDSzvhm6gIz1yfTbBt6YTlcEKAvsmqCZZFw46z626lVj9j1yEPW33H5H+lBQpZMP1k8l+78Ha0A==, registry: https://registry.npm.taobao.org/, tarball: https://registry.npmmirror.com/braces/-/braces-3.0.2.tgz}
    name: braces
    version: 3.0.2
    engines: {node: '>=8'}
    dependencies:
      fill-range: registry.npmmirror.com/fill-range@7.0.1
    dev: true

  registry.npmmirror.com/chalk@5.2.0:
    resolution: {integrity: sha512-ree3Gqw/nazQAPuJJEy+avdl7QfZMcUvmHIKgEZkGL+xOBzRvup5Hxo6LHuMceSxOabuJLJm5Yp/92R9eMmMvA==, registry: https://registry.npm.taobao.org/, tarball: https://registry.npmmirror.com/chalk/-/chalk-5.2.0.tgz}
    name: chalk
    version: 5.2.0
    engines: {node: ^12.17.0 || ^14.13 || >=16.0.0}
    dev: true

  registry.npmmirror.com/clean-stack@2.2.0:
    resolution: {integrity: sha512-4diC9HaTE+KRAMWhDhrGOECgWZxoevMc5TlkObMqNSsVU62PYzXZ/SMTjzyGAFF1YusgxGcSWTEXBhp0CPwQ1A==, registry: https://registry.npm.taobao.org/, tarball: https://registry.npmmirror.com/clean-stack/-/clean-stack-2.2.0.tgz}
    name: clean-stack
    version: 2.2.0
    engines: {node: '>=6'}
    dev: true

  registry.npmmirror.com/cli-cursor@3.1.0:
    resolution: {integrity: sha512-I/zHAwsKf9FqGoXM4WWRACob9+SNukZTd94DWF57E4toouRulbCxcUh6RKUEOQlYTHJnzkPMySvPNaaSLNfLZw==, registry: https://registry.npm.taobao.org/, tarball: https://registry.npmmirror.com/cli-cursor/-/cli-cursor-3.1.0.tgz}
    name: cli-cursor
    version: 3.1.0
    engines: {node: '>=8'}
    dependencies:
      restore-cursor: registry.npmmirror.com/restore-cursor@3.1.0
    dev: true

  registry.npmmirror.com/cli-truncate@2.1.0:
    resolution: {integrity: sha512-n8fOixwDD6b/ObinzTrp1ZKFzbgvKZvuz/TvejnLn1aQfC6r52XEx85FmuC+3HI+JM7coBRXUvNqEU2PHVrHpg==, registry: https://registry.npm.taobao.org/, tarball: https://registry.npmmirror.com/cli-truncate/-/cli-truncate-2.1.0.tgz}
    name: cli-truncate
    version: 2.1.0
    engines: {node: '>=8'}
    dependencies:
      slice-ansi: registry.npmmirror.com/slice-ansi@3.0.0
      string-width: registry.npmmirror.com/string-width@4.2.3
    dev: true

  registry.npmmirror.com/cli-truncate@3.1.0:
    resolution: {integrity: sha512-wfOBkjXteqSnI59oPcJkcPl/ZmwvMMOj340qUIY1SKZCv0B9Cf4D4fAucRkIKQmsIuYK3x1rrgU7MeGRruiuiA==, registry: https://registry.npm.taobao.org/, tarball: https://registry.npmmirror.com/cli-truncate/-/cli-truncate-3.1.0.tgz}
    name: cli-truncate
    version: 3.1.0
    engines: {node: ^12.20.0 || ^14.13.1 || >=16.0.0}
    dependencies:
      slice-ansi: registry.npmmirror.com/slice-ansi@5.0.0
      string-width: registry.npmmirror.com/string-width@5.1.2
    dev: true

  registry.npmmirror.com/color-convert@2.0.1:
    resolution: {integrity: sha512-RRECPsj7iu/xb5oKYcsFHSppFNnsj/52OVTRKb4zP5onXwVF3zVmmToNcOfGC+CRDpfK/U584fMg38ZHCaElKQ==, registry: https://registry.npm.taobao.org/, tarball: https://registry.npmmirror.com/color-convert/-/color-convert-2.0.1.tgz}
    name: color-convert
    version: 2.0.1
    engines: {node: '>=7.0.0'}
    dependencies:
      color-name: registry.npmmirror.com/color-name@1.1.4
    dev: true

  registry.npmmirror.com/color-name@1.1.4:
    resolution: {integrity: sha512-dOy+3AuW3a2wNbZHIuMZpTcgjGuLU/uBL/ubcZF9OXbDo8ff4O8yVp5Bf0efS8uEoYo5q4Fx7dY9OgQGXgAsQA==, registry: https://registry.npm.taobao.org/, tarball: https://registry.npmmirror.com/color-name/-/color-name-1.1.4.tgz}
    name: color-name
    version: 1.1.4
    dev: true

  registry.npmmirror.com/colorette@2.0.20:
    resolution: {integrity: sha512-IfEDxwoWIjkeXL1eXcDiow4UbKjhLdq6/EuSVR9GMN7KVH3r9gQ83e73hsz1Nd1T3ijd5xv1wcWRYO+D6kCI2w==, registry: https://registry.npm.taobao.org/, tarball: https://registry.npmmirror.com/colorette/-/colorette-2.0.20.tgz}
    name: colorette
    version: 2.0.20
    dev: true

  registry.npmmirror.com/commander@10.0.1:
    resolution: {integrity: sha512-y4Mg2tXshplEbSGzx7amzPwKKOCGuoSRP/CjEdwwk0FOGlUbq6lKuoyDZTNZkmxHdJtp54hdfY/JUrdL7Xfdug==, registry: https://registry.npm.taobao.org/, tarball: https://registry.npmmirror.com/commander/-/commander-10.0.1.tgz}
    name: commander
    version: 10.0.1
    engines: {node: '>=14'}
    dev: true

  registry.npmmirror.com/cross-spawn@7.0.3:
    resolution: {integrity: sha512-iRDPJKUPVEND7dHPO8rkbOnPpyDygcDFtWjpeWNCgy8WP2rXcxXL8TskReQl6OrB2G7+UJrags1q15Fudc7G6w==, registry: https://registry.npm.taobao.org/, tarball: https://registry.npmmirror.com/cross-spawn/-/cross-spawn-7.0.3.tgz}
    name: cross-spawn
    version: 7.0.3
    engines: {node: '>= 8'}
    dependencies:
      path-key: registry.npmmirror.com/path-key@3.1.1
      shebang-command: registry.npmmirror.com/shebang-command@2.0.0
      which: registry.npmmirror.com/which@2.0.2
    dev: true

  registry.npmmirror.com/debug@4.3.4:
    resolution: {integrity: sha512-PRWFHuSU3eDtQJPvnNY7Jcket1j0t5OuOsFzPPzsekD52Zl8qUfFIPEiswXqIvHWGVHOgX+7G/vCNNhehwxfkQ==, registry: https://registry.npm.taobao.org/, tarball: https://registry.npmmirror.com/debug/-/debug-4.3.4.tgz}
    name: debug
    version: 4.3.4
    engines: {node: '>=6.0'}
    peerDependencies:
      supports-color: '*'
    peerDependenciesMeta:
      supports-color:
        optional: true
    dependencies:
      ms: registry.npmmirror.com/ms@2.1.2
    dev: true

  registry.npmmirror.com/eastasianwidth@0.2.0:
    resolution: {integrity: sha512-I88TYZWc9XiYHRQ4/3c5rjjfgkjhLyW2luGIheGERbNQ6OY7yTybanSpDXZa8y7VUP9YmDcYa+eyq4ca7iLqWA==, registry: https://registry.npm.taobao.org/, tarball: https://registry.npmmirror.com/eastasianwidth/-/eastasianwidth-0.2.0.tgz}
    name: eastasianwidth
    version: 0.2.0
    dev: true

  registry.npmmirror.com/emoji-regex@8.0.0:
    resolution: {integrity: sha512-MSjYzcWNOA0ewAHpz0MxpYFvwg6yjy1NG3xteoqz644VCo/RPgnr1/GGt+ic3iJTzQ8Eu3TdM14SawnVUmGE6A==, registry: https://registry.npm.taobao.org/, tarball: https://registry.npmmirror.com/emoji-regex/-/emoji-regex-8.0.0.tgz}
    name: emoji-regex
    version: 8.0.0
    dev: true

  registry.npmmirror.com/emoji-regex@9.2.2:
    resolution: {integrity: sha512-L18DaJsXSUk2+42pv8mLs5jJT2hqFkFE4j21wOmgbUqsZ2hL72NsUU785g9RXgo3s0ZNgVl42TiHp3ZtOv/Vyg==, registry: https://registry.npm.taobao.org/, tarball: https://registry.npmmirror.com/emoji-regex/-/emoji-regex-9.2.2.tgz}
    name: emoji-regex
    version: 9.2.2
    dev: true

  registry.npmmirror.com/execa@7.1.1:
    resolution: {integrity: sha512-wH0eMf/UXckdUYnO21+HDztteVv05rq2GXksxT4fCGeHkBhw1DROXh40wcjMcRqDOWE7iPJ4n3M7e2+YFP+76Q==, registry: https://registry.npm.taobao.org/, tarball: https://registry.npmmirror.com/execa/-/execa-7.1.1.tgz}
    name: execa
    version: 7.1.1
    engines: {node: ^14.18.0 || ^16.14.0 || >=18.0.0}
    dependencies:
      cross-spawn: registry.npmmirror.com/cross-spawn@7.0.3
      get-stream: registry.npmmirror.com/get-stream@6.0.1
      human-signals: registry.npmmirror.com/human-signals@4.3.1
      is-stream: registry.npmmirror.com/is-stream@3.0.0
      merge-stream: registry.npmmirror.com/merge-stream@2.0.0
      npm-run-path: registry.npmmirror.com/npm-run-path@5.1.0
      onetime: registry.npmmirror.com/onetime@6.0.0
      signal-exit: registry.npmmirror.com/signal-exit@3.0.7
      strip-final-newline: registry.npmmirror.com/strip-final-newline@3.0.0
    dev: true

  registry.npmmirror.com/fill-range@7.0.1:
    resolution: {integrity: sha512-qOo9F+dMUmC2Lcb4BbVvnKJxTPjCm+RRpe4gDuGrzkL7mEVl/djYSu2OdQ2Pa302N4oqkSg9ir6jaLWJ2USVpQ==, registry: https://registry.npm.taobao.org/, tarball: https://registry.npmmirror.com/fill-range/-/fill-range-7.0.1.tgz}
    name: fill-range
    version: 7.0.1
    engines: {node: '>=8'}
    dependencies:
      to-regex-range: registry.npmmirror.com/to-regex-range@5.0.1
    dev: true

  registry.npmmirror.com/get-stream@6.0.1:
    resolution: {integrity: sha512-ts6Wi+2j3jQjqi70w5AlN8DFnkSwC+MqmxEzdEALB2qXZYV3X/b1CTfgPLGJNMeAWxdPfU8FO1ms3NUfaHCPYg==, registry: https://registry.npm.taobao.org/, tarball: https://registry.npmmirror.com/get-stream/-/get-stream-6.0.1.tgz}
    name: get-stream
    version: 6.0.1
    engines: {node: '>=10'}
    dev: true

  registry.npmmirror.com/human-signals@4.3.1:
    resolution: {integrity: sha512-nZXjEF2nbo7lIw3mgYjItAfgQXog3OjJogSbKa2CQIIvSGWcKgeJnQlNXip6NglNzYH45nSRiEVimMvYL8DDqQ==, registry: https://registry.npm.taobao.org/, tarball: https://registry.npmmirror.com/human-signals/-/human-signals-4.3.1.tgz}
    name: human-signals
    version: 4.3.1
    engines: {node: '>=14.18.0'}
    dev: true

  registry.npmmirror.com/husky@8.0.3:
    resolution: {integrity: sha512-+dQSyqPh4x1hlO1swXBiNb2HzTDN1I2IGLQx1GrBuiqFJfoMrnZWwVmatvSiO+Iz8fBUnf+lekwNo4c2LlXItg==, registry: https://registry.npm.taobao.org/, tarball: https://registry.npmmirror.com/husky/-/husky-8.0.3.tgz}
    name: husky
    version: 8.0.3
    engines: {node: '>=14'}
    hasBin: true
    dev: true

  registry.npmmirror.com/indent-string@4.0.0:
    resolution: {integrity: sha512-EdDDZu4A2OyIK7Lr/2zG+w5jmbuk1DVBnEwREQvBzspBJkCEbRa8GxU1lghYcaGJCnRWibjDXlq779X1/y5xwg==, registry: https://registry.npm.taobao.org/, tarball: https://registry.npmmirror.com/indent-string/-/indent-string-4.0.0.tgz}
    name: indent-string
    version: 4.0.0
    engines: {node: '>=8'}
    dev: true

  registry.npmmirror.com/is-fullwidth-code-point@3.0.0:
    resolution: {integrity: sha512-zymm5+u+sCsSWyD9qNaejV3DFvhCKclKdizYaJUuHA83RLjb7nSuGnddCHGv0hk+KY7BMAlsWeK4Ueg6EV6XQg==, registry: https://registry.npm.taobao.org/, tarball: https://registry.npmmirror.com/is-fullwidth-code-point/-/is-fullwidth-code-point-3.0.0.tgz}
    name: is-fullwidth-code-point
    version: 3.0.0
    engines: {node: '>=8'}
    dev: true

  registry.npmmirror.com/is-fullwidth-code-point@4.0.0:
    resolution: {integrity: sha512-O4L094N2/dZ7xqVdrXhh9r1KODPJpFms8B5sGdJLPy664AgvXsreZUyCQQNItZRDlYug4xStLjNp/sz3HvBowQ==, registry: https://registry.npm.taobao.org/, tarball: https://registry.npmmirror.com/is-fullwidth-code-point/-/is-fullwidth-code-point-4.0.0.tgz}
    name: is-fullwidth-code-point
    version: 4.0.0
    engines: {node: '>=12'}
    dev: true

  registry.npmmirror.com/is-number@7.0.0:
    resolution: {integrity: sha512-41Cifkg6e8TylSpdtTpeLVMqvSBEVzTttHvERD741+pnZ8ANv0004MRL43QKPDlK9cGvNp6NZWZUBlbGXYxxng==, registry: https://registry.npm.taobao.org/, tarball: https://registry.npmmirror.com/is-number/-/is-number-7.0.0.tgz}
    name: is-number
    version: 7.0.0
    engines: {node: '>=0.12.0'}
    dev: true

  registry.npmmirror.com/is-stream@3.0.0:
    resolution: {integrity: sha512-LnQR4bZ9IADDRSkvpqMGvt/tEJWclzklNgSw48V5EAaAeDd6qGvN8ei6k5p0tvxSR171VmGyHuTiAOfxAbr8kA==, registry: https://registry.npm.taobao.org/, tarball: https://registry.npmmirror.com/is-stream/-/is-stream-3.0.0.tgz}
    name: is-stream
    version: 3.0.0
    engines: {node: ^12.20.0 || ^14.13.1 || >=16.0.0}
    dev: true

  registry.npmmirror.com/isexe@2.0.0:
    resolution: {integrity: sha512-RHxMLp9lnKHGHRng9QFhRCMbYAcVpn69smSGcq3f36xjgVVWThj4qqLbTLlq7Ssj8B+fIQ1EuCEGI2lKsyQeIw==, registry: https://registry.npm.taobao.org/, tarball: https://registry.npmmirror.com/isexe/-/isexe-2.0.0.tgz}
    name: isexe
    version: 2.0.0
    dev: true

  registry.npmmirror.com/lilconfig@2.1.0:
    resolution: {integrity: sha512-utWOt/GHzuUxnLKxB6dk81RoOeoNeHgbrXiuGk4yyF5qlRz+iIVWu56E2fqGHFrXz0QNUhLB/8nKqvRH66JKGQ==, registry: https://registry.npm.taobao.org/, tarball: https://registry.npmmirror.com/lilconfig/-/lilconfig-2.1.0.tgz}
    name: lilconfig
    version: 2.1.0
    engines: {node: '>=10'}
    dev: true

  registry.npmmirror.com/lint-staged@13.2.1:
    resolution: {integrity: sha512-8gfzinVXoPfga5Dz/ZOn8I2GOhf81Wvs+KwbEXQn/oWZAvCVS2PivrXfVbFJc93zD16uC0neS47RXHIjXKYZQw==, registry: https://registry.npm.taobao.org/, tarball: https://registry.npmmirror.com/lint-staged/-/lint-staged-13.2.1.tgz}
    name: lint-staged
    version: 13.2.1
    engines: {node: ^14.13.1 || >=16.0.0}
    hasBin: true
    dependencies:
      chalk: registry.npmmirror.com/chalk@5.2.0
      cli-truncate: registry.npmmirror.com/cli-truncate@3.1.0
      commander: registry.npmmirror.com/commander@10.0.1
      debug: registry.npmmirror.com/debug@4.3.4
      execa: registry.npmmirror.com/execa@7.1.1
      lilconfig: registry.npmmirror.com/lilconfig@2.1.0
      listr2: registry.npmmirror.com/listr2@5.0.8
      micromatch: registry.npmmirror.com/micromatch@4.0.5
      normalize-path: registry.npmmirror.com/normalize-path@3.0.0
      object-inspect: registry.npmmirror.com/object-inspect@1.12.3
      pidtree: registry.npmmirror.com/pidtree@0.6.0
      string-argv: registry.npmmirror.com/string-argv@0.3.2
      yaml: registry.npmmirror.com/yaml@2.3.1
    transitivePeerDependencies:
      - enquirer
      - supports-color
    dev: true

  registry.npmmirror.com/listr2@5.0.8:
    resolution: {integrity: sha512-mC73LitKHj9w6v30nLNGPetZIlfpUniNSsxxrbaPcWOjDb92SHPzJPi/t+v1YC/lxKz/AJ9egOjww0qUuFxBpA==, registry: https://registry.npm.taobao.org/, tarball: https://registry.npmmirror.com/listr2/-/listr2-5.0.8.tgz}
    name: listr2
    version: 5.0.8
    engines: {node: ^14.13.1 || >=16.0.0}
    peerDependencies:
      enquirer: '>= 2.3.0 < 3'
    peerDependenciesMeta:
      enquirer:
        optional: true
    dependencies:
      cli-truncate: registry.npmmirror.com/cli-truncate@2.1.0
      colorette: registry.npmmirror.com/colorette@2.0.20
      log-update: registry.npmmirror.com/log-update@4.0.0
      p-map: registry.npmmirror.com/p-map@4.0.0
      rfdc: registry.npmmirror.com/rfdc@1.3.0
      rxjs: registry.npmmirror.com/rxjs@7.8.1
      through: registry.npmmirror.com/through@2.3.8
      wrap-ansi: registry.npmmirror.com/wrap-ansi@7.0.0
    dev: true

  registry.npmmirror.com/log-update@4.0.0:
    resolution: {integrity: sha512-9fkkDevMefjg0mmzWFBW8YkFP91OrizzkW3diF7CpG+S2EYdy4+TVfGwz1zeF8x7hCx1ovSPTOE9Ngib74qqUg==, registry: https://registry.npm.taobao.org/, tarball: https://registry.npmmirror.com/log-update/-/log-update-4.0.0.tgz}
    name: log-update
    version: 4.0.0
    engines: {node: '>=10'}
    dependencies:
      ansi-escapes: registry.npmmirror.com/ansi-escapes@4.3.2
      cli-cursor: registry.npmmirror.com/cli-cursor@3.1.0
      slice-ansi: registry.npmmirror.com/slice-ansi@4.0.0
      wrap-ansi: registry.npmmirror.com/wrap-ansi@6.2.0
    dev: true

  registry.npmmirror.com/merge-stream@2.0.0:
    resolution: {integrity: sha512-abv/qOcuPfk3URPfDzmZU1LKmuw8kT+0nIHvKrKgFrwifol/doWcdA4ZqsWQ8ENrFKkd67Mfpo/LovbIUsbt3w==, registry: https://registry.npm.taobao.org/, tarball: https://registry.npmmirror.com/merge-stream/-/merge-stream-2.0.0.tgz}
    name: merge-stream
    version: 2.0.0
    dev: true

  registry.npmmirror.com/micromatch@4.0.5:
    resolution: {integrity: sha512-DMy+ERcEW2q8Z2Po+WNXuw3c5YaUSFjAO5GsJqfEl7UjvtIuFKO6ZrKvcItdy98dwFI2N1tg3zNIdKaQT+aNdA==, registry: https://registry.npm.taobao.org/, tarball: https://registry.npmmirror.com/micromatch/-/micromatch-4.0.5.tgz}
    name: micromatch
    version: 4.0.5
    engines: {node: '>=8.6'}
    dependencies:
      braces: registry.npmmirror.com/braces@3.0.2
      picomatch: registry.npmmirror.com/picomatch@2.3.1
    dev: true

  registry.npmmirror.com/mimic-fn@2.1.0:
    resolution: {integrity: sha512-OqbOk5oEQeAZ8WXWydlu9HJjz9WVdEIvamMCcXmuqUYjTknH/sqsWvhQ3vgwKFRR1HpjvNBKQ37nbJgYzGqGcg==, registry: https://registry.npm.taobao.org/, tarball: https://registry.npmmirror.com/mimic-fn/-/mimic-fn-2.1.0.tgz}
    name: mimic-fn
    version: 2.1.0
    engines: {node: '>=6'}
    dev: true

  registry.npmmirror.com/mimic-fn@4.0.0:
    resolution: {integrity: sha512-vqiC06CuhBTUdZH+RYl8sFrL096vA45Ok5ISO6sE/Mr1jRbGH4Csnhi8f3wKVl7x8mO4Au7Ir9D3Oyv1VYMFJw==, registry: https://registry.npm.taobao.org/, tarball: https://registry.npmmirror.com/mimic-fn/-/mimic-fn-4.0.0.tgz}
    name: mimic-fn
    version: 4.0.0
    engines: {node: '>=12'}
    dev: true

  registry.npmmirror.com/ms@2.1.2:
    resolution: {integrity: sha512-sGkPx+VjMtmA6MX27oA4FBFELFCZZ4S4XqeGOXCv68tT+jb3vk/RyaKWP0PTKyWtmLSM0b+adUTEvbs1PEaH2w==, registry: https://registry.npm.taobao.org/, tarball: https://registry.npmmirror.com/ms/-/ms-2.1.2.tgz}
    name: ms
    version: 2.1.2
    dev: true

  registry.npmmirror.com/normalize-path@3.0.0:
    resolution: {integrity: sha512-6eZs5Ls3WtCisHWp9S2GUy8dqkpGi4BVSz3GaqiE6ezub0512ESztXUwUB6C6IKbQkY2Pnb/mD4WYojCRwcwLA==, registry: https://registry.npm.taobao.org/, tarball: https://registry.npmmirror.com/normalize-path/-/normalize-path-3.0.0.tgz}
    name: normalize-path
    version: 3.0.0
    engines: {node: '>=0.10.0'}
    dev: true

  registry.npmmirror.com/npm-run-path@5.1.0:
    resolution: {integrity: sha512-sJOdmRGrY2sjNTRMbSvluQqg+8X7ZK61yvzBEIDhz4f8z1TZFYABsqjjCBd/0PUNE9M6QDgHJXQkGUEm7Q+l9Q==, registry: https://registry.npm.taobao.org/, tarball: https://registry.npmmirror.com/npm-run-path/-/npm-run-path-5.1.0.tgz}
    name: npm-run-path
    version: 5.1.0
    engines: {node: ^12.20.0 || ^14.13.1 || >=16.0.0}
    dependencies:
      path-key: registry.npmmirror.com/path-key@4.0.0
    dev: true

  registry.npmmirror.com/object-inspect@1.12.3:
    resolution: {integrity: sha512-geUvdk7c+eizMNUDkRpW1wJwgfOiOeHbxBR/hLXK1aT6zmVSO0jsQcs7fj6MGw89jC/cjGfLcNOrtMYtGqm81g==, registry: https://registry.npm.taobao.org/, tarball: https://registry.npmmirror.com/object-inspect/-/object-inspect-1.12.3.tgz}
    name: object-inspect
    version: 1.12.3
    dev: true

  registry.npmmirror.com/onetime@5.1.2:
    resolution: {integrity: sha512-kbpaSSGJTWdAY5KPVeMOKXSrPtr8C8C7wodJbcsd51jRnmD+GZu8Y0VoU6Dm5Z4vWr0Ig/1NKuWRKf7j5aaYSg==, registry: https://registry.npm.taobao.org/, tarball: https://registry.npmmirror.com/onetime/-/onetime-5.1.2.tgz}
    name: onetime
    version: 5.1.2
    engines: {node: '>=6'}
    dependencies:
      mimic-fn: registry.npmmirror.com/mimic-fn@2.1.0
    dev: true

  registry.npmmirror.com/onetime@6.0.0:
    resolution: {integrity: sha512-1FlR+gjXK7X+AsAHso35MnyN5KqGwJRi/31ft6x0M194ht7S+rWAvd7PHss9xSKMzE0asv1pyIHaJYq+BbacAQ==, registry: https://registry.npm.taobao.org/, tarball: https://registry.npmmirror.com/onetime/-/onetime-6.0.0.tgz}
    name: onetime
    version: 6.0.0
    engines: {node: '>=12'}
    dependencies:
      mimic-fn: registry.npmmirror.com/mimic-fn@4.0.0
    dev: true

  registry.npmmirror.com/p-map@4.0.0:
    resolution: {integrity: sha512-/bjOqmgETBYB5BoEeGVea8dmvHb2m9GLy1E9W43yeyfP6QQCZGFNa+XRceJEuDB6zqr+gKpIAmlLebMpykw/MQ==, registry: https://registry.npm.taobao.org/, tarball: https://registry.npmmirror.com/p-map/-/p-map-4.0.0.tgz}
    name: p-map
    version: 4.0.0
    engines: {node: '>=10'}
    dependencies:
      aggregate-error: registry.npmmirror.com/aggregate-error@3.1.0
    dev: true

  registry.npmmirror.com/path-key@3.1.1:
    resolution: {integrity: sha512-ojmeN0qd+y0jszEtoY48r0Peq5dwMEkIlCOu6Q5f41lfkswXuKtYrhgoTpLnyIcHm24Uhqx+5Tqm2InSwLhE6Q==, registry: https://registry.npm.taobao.org/, tarball: https://registry.npmmirror.com/path-key/-/path-key-3.1.1.tgz}
    name: path-key
    version: 3.1.1
    engines: {node: '>=8'}
    dev: true

  registry.npmmirror.com/path-key@4.0.0:
    resolution: {integrity: sha512-haREypq7xkM7ErfgIyA0z+Bj4AGKlMSdlQE2jvJo6huWD1EdkKYV+G/T4nq0YEF2vgTT8kqMFKo1uHn950r4SQ==, registry: https://registry.npm.taobao.org/, tarball: https://registry.npmmirror.com/path-key/-/path-key-4.0.0.tgz}
    name: path-key
    version: 4.0.0
    engines: {node: '>=12'}
    dev: true

  registry.npmmirror.com/picomatch@2.3.1:
    resolution: {integrity: sha512-JU3teHTNjmE2VCGFzuY8EXzCDVwEqB2a8fsIvwaStHhAWJEeVd1o1QD80CU6+ZdEXXSLbSsuLwJjkCBWqRQUVA==, registry: https://registry.npm.taobao.org/, tarball: https://registry.npmmirror.com/picomatch/-/picomatch-2.3.1.tgz}
    name: picomatch
    version: 2.3.1
    engines: {node: '>=8.6'}
    dev: true

  registry.npmmirror.com/pidtree@0.6.0:
    resolution: {integrity: sha512-eG2dWTVw5bzqGRztnHExczNxt5VGsE6OwTeCG3fdUf9KBsZzO3R5OIIIzWR+iZA0NtZ+RDVdaoE2dK1cn6jH4g==, registry: https://registry.npm.taobao.org/, tarball: https://registry.npmmirror.com/pidtree/-/pidtree-0.6.0.tgz}
    name: pidtree
    version: 0.6.0
    engines: {node: '>=0.10'}
    hasBin: true
    dev: true

  registry.npmmirror.com/prettier@2.8.7:
    resolution: {integrity: sha512-yPngTo3aXUUmyuTjeTUT75txrf+aMh9FiD7q9ZE/i6r0bPb22g4FsE6Y338PQX1bmfy08i9QQCB7/rcUAVntfw==, registry: https://registry.npm.taobao.org/, tarball: https://registry.npmmirror.com/prettier/-/prettier-2.8.7.tgz}
    name: prettier
    version: 2.8.7
    engines: {node: '>=10.13.0'}
    hasBin: true
    dev: true

  registry.npmmirror.com/restore-cursor@3.1.0:
    resolution: {integrity: sha512-l+sSefzHpj5qimhFSE5a8nufZYAM3sBSVMAPtYkmC+4EH2anSGaEMXSD0izRQbu9nfyQ9y5JrVmp7E8oZrUjvA==, registry: https://registry.npm.taobao.org/, tarball: https://registry.npmmirror.com/restore-cursor/-/restore-cursor-3.1.0.tgz}
    name: restore-cursor
    version: 3.1.0
    engines: {node: '>=8'}
    dependencies:
      onetime: registry.npmmirror.com/onetime@5.1.2
      signal-exit: registry.npmmirror.com/signal-exit@3.0.7
    dev: true

  registry.npmmirror.com/rfdc@1.3.0:
    resolution: {integrity: sha512-V2hovdzFbOi77/WajaSMXk2OLm+xNIeQdMMuB7icj7bk6zi2F8GGAxigcnDFpJHbNyNcgyJDiP+8nOrY5cZGrA==, registry: https://registry.npm.taobao.org/, tarball: https://registry.npmmirror.com/rfdc/-/rfdc-1.3.0.tgz}
    name: rfdc
    version: 1.3.0
    dev: true

  registry.npmmirror.com/rxjs@7.8.1:
    resolution: {integrity: sha512-AA3TVj+0A2iuIoQkWEK/tqFjBq2j+6PO6Y0zJcvzLAFhEFIO3HL0vls9hWLncZbAAbK0mar7oZ4V079I/qPMxg==, registry: https://registry.npm.taobao.org/, tarball: https://registry.npmmirror.com/rxjs/-/rxjs-7.8.1.tgz}
    name: rxjs
    version: 7.8.1
    dependencies:
      tslib: registry.npmmirror.com/tslib@2.5.3
    dev: true

  registry.npmmirror.com/shebang-command@2.0.0:
    resolution: {integrity: sha512-kHxr2zZpYtdmrN1qDjrrX/Z1rR1kG8Dx+gkpK1G4eXmvXswmcE1hTWBWYUzlraYw1/yZp6YuDY77YtvbN0dmDA==, registry: https://registry.npm.taobao.org/, tarball: https://registry.npmmirror.com/shebang-command/-/shebang-command-2.0.0.tgz}
    name: shebang-command
    version: 2.0.0
    engines: {node: '>=8'}
    dependencies:
      shebang-regex: registry.npmmirror.com/shebang-regex@3.0.0
    dev: true

  registry.npmmirror.com/shebang-regex@3.0.0:
    resolution: {integrity: sha512-7++dFhtcx3353uBaq8DDR4NuxBetBzC7ZQOhmTQInHEd6bSrXdiEyzCvG07Z44UYdLShWUyXt5M/yhz8ekcb1A==, registry: https://registry.npm.taobao.org/, tarball: https://registry.npmmirror.com/shebang-regex/-/shebang-regex-3.0.0.tgz}
    name: shebang-regex
    version: 3.0.0
    engines: {node: '>=8'}
    dev: true

  registry.npmmirror.com/signal-exit@3.0.7:
    resolution: {integrity: sha512-wnD2ZE+l+SPC/uoS0vXeE9L1+0wuaMqKlfz9AMUo38JsyLSBWSFcHR1Rri62LZc12vLr1gb3jl7iwQhgwpAbGQ==, registry: https://registry.npm.taobao.org/, tarball: https://registry.npmmirror.com/signal-exit/-/signal-exit-3.0.7.tgz}
    name: signal-exit
    version: 3.0.7
    dev: true

  registry.npmmirror.com/slice-ansi@3.0.0:
    resolution: {integrity: sha512-pSyv7bSTC7ig9Dcgbw9AuRNUb5k5V6oDudjZoMBSr13qpLBG7tB+zgCkARjq7xIUgdz5P1Qe8u+rSGdouOOIyQ==, registry: https://registry.npm.taobao.org/, tarball: https://registry.npmmirror.com/slice-ansi/-/slice-ansi-3.0.0.tgz}
    name: slice-ansi
    version: 3.0.0
    engines: {node: '>=8'}
    dependencies:
      ansi-styles: registry.npmmirror.com/ansi-styles@4.3.0
      astral-regex: registry.npmmirror.com/astral-regex@2.0.0
      is-fullwidth-code-point: registry.npmmirror.com/is-fullwidth-code-point@3.0.0
    dev: true

  registry.npmmirror.com/slice-ansi@4.0.0:
    resolution: {integrity: sha512-qMCMfhY040cVHT43K9BFygqYbUPFZKHOg7K73mtTWJRb8pyP3fzf4Ixd5SzdEJQ6MRUg/WBnOLxghZtKKurENQ==, registry: https://registry.npm.taobao.org/, tarball: https://registry.npmmirror.com/slice-ansi/-/slice-ansi-4.0.0.tgz}
    name: slice-ansi
    version: 4.0.0
    engines: {node: '>=10'}
    dependencies:
      ansi-styles: registry.npmmirror.com/ansi-styles@4.3.0
      astral-regex: registry.npmmirror.com/astral-regex@2.0.0
      is-fullwidth-code-point: registry.npmmirror.com/is-fullwidth-code-point@3.0.0
    dev: true

  registry.npmmirror.com/slice-ansi@5.0.0:
    resolution: {integrity: sha512-FC+lgizVPfie0kkhqUScwRu1O/lF6NOgJmlCgK+/LYxDCTk8sGelYaHDhFcDN+Sn3Cv+3VSa4Byeo+IMCzpMgQ==, registry: https://registry.npm.taobao.org/, tarball: https://registry.npmmirror.com/slice-ansi/-/slice-ansi-5.0.0.tgz}
    name: slice-ansi
    version: 5.0.0
    engines: {node: '>=12'}
    dependencies:
      ansi-styles: registry.npmmirror.com/ansi-styles@6.2.1
      is-fullwidth-code-point: registry.npmmirror.com/is-fullwidth-code-point@4.0.0
    dev: true

  registry.npmmirror.com/string-argv@0.3.2:
    resolution: {integrity: sha512-aqD2Q0144Z+/RqG52NeHEkZauTAUWJO8c6yTftGJKO3Tja5tUgIfmIl6kExvhtxSDP7fXB6DvzkfMpCd/F3G+Q==, registry: https://registry.npm.taobao.org/, tarball: https://registry.npmmirror.com/string-argv/-/string-argv-0.3.2.tgz}
    name: string-argv
    version: 0.3.2
    engines: {node: '>=0.6.19'}
    dev: true

  registry.npmmirror.com/string-width@4.2.3:
    resolution: {integrity: sha512-wKyQRQpjJ0sIp62ErSZdGsjMJWsap5oRNihHhu6G7JVO/9jIB6UyevL+tXuOqrng8j/cxKTWyWUwvSTriiZz/g==, registry: https://registry.npm.taobao.org/, tarball: https://registry.npmmirror.com/string-width/-/string-width-4.2.3.tgz}
    name: string-width
    version: 4.2.3
    engines: {node: '>=8'}
    dependencies:
      emoji-regex: registry.npmmirror.com/emoji-regex@8.0.0
      is-fullwidth-code-point: registry.npmmirror.com/is-fullwidth-code-point@3.0.0
      strip-ansi: registry.npmmirror.com/strip-ansi@6.0.1
    dev: true

  registry.npmmirror.com/string-width@5.1.2:
    resolution: {integrity: sha512-HnLOCR3vjcY8beoNLtcjZ5/nxn2afmME6lhrDrebokqMap+XbeW8n9TXpPDOqdGK5qcI3oT0GKTW6wC7EMiVqA==, registry: https://registry.npm.taobao.org/, tarball: https://registry.npmmirror.com/string-width/-/string-width-5.1.2.tgz}
    name: string-width
    version: 5.1.2
    engines: {node: '>=12'}
    dependencies:
      eastasianwidth: registry.npmmirror.com/eastasianwidth@0.2.0
      emoji-regex: registry.npmmirror.com/emoji-regex@9.2.2
      strip-ansi: registry.npmmirror.com/strip-ansi@7.1.0
    dev: true

  registry.npmmirror.com/strip-ansi@6.0.1:
    resolution: {integrity: sha512-Y38VPSHcqkFrCpFnQ9vuSXmquuv5oXOKpGeT6aGrr3o3Gc9AlVa6JBfUSOCnbxGGZF+/0ooI7KrPuUSztUdU5A==, registry: https://registry.npm.taobao.org/, tarball: https://registry.npmmirror.com/strip-ansi/-/strip-ansi-6.0.1.tgz}
    name: strip-ansi
    version: 6.0.1
    engines: {node: '>=8'}
    dependencies:
      ansi-regex: registry.npmmirror.com/ansi-regex@5.0.1
    dev: true

  registry.npmmirror.com/strip-ansi@7.1.0:
    resolution: {integrity: sha512-iq6eVVI64nQQTRYq2KtEg2d2uU7LElhTJwsH4YzIHZshxlgZms/wIc4VoDQTlG/IvVIrBKG06CrZnp0qv7hkcQ==, registry: https://registry.npm.taobao.org/, tarball: https://registry.npmmirror.com/strip-ansi/-/strip-ansi-7.1.0.tgz}
    name: strip-ansi
    version: 7.1.0
    engines: {node: '>=12'}
    dependencies:
      ansi-regex: registry.npmmirror.com/ansi-regex@6.0.1
    dev: true

  registry.npmmirror.com/strip-final-newline@3.0.0:
    resolution: {integrity: sha512-dOESqjYr96iWYylGObzd39EuNTa5VJxyvVAEm5Jnh7KGo75V43Hk1odPQkNDyXNmUR6k+gEiDVXnjB8HJ3crXw==, registry: https://registry.npm.taobao.org/, tarball: https://registry.npmmirror.com/strip-final-newline/-/strip-final-newline-3.0.0.tgz}
    name: strip-final-newline
    version: 3.0.0
    engines: {node: '>=12'}
    dev: true

  registry.npmmirror.com/through@2.3.8:
    resolution: {integrity: sha512-w89qg7PI8wAdvX60bMDP+bFoD5Dvhm9oLheFp5O4a2QF0cSBGsBX4qZmadPMvVqlLJBBci+WqGGOAPvcDeNSVg==, registry: https://registry.npm.taobao.org/, tarball: https://registry.npmmirror.com/through/-/through-2.3.8.tgz}
    name: through
    version: 2.3.8
    dev: true

  registry.npmmirror.com/to-regex-range@5.0.1:
    resolution: {integrity: sha512-65P7iz6X5yEr1cwcgvQxbbIw7Uk3gOy5dIdtZ4rDveLqhrdJP+Li/Hx6tyK0NEb+2GCyneCMJiGqrADCSNk8sQ==, registry: https://registry.npm.taobao.org/, tarball: https://registry.npmmirror.com/to-regex-range/-/to-regex-range-5.0.1.tgz}
    name: to-regex-range
    version: 5.0.1
    engines: {node: '>=8.0'}
    dependencies:
      is-number: registry.npmmirror.com/is-number@7.0.0
    dev: true

  registry.npmmirror.com/tslib@2.5.3:
    resolution: {integrity: sha512-mSxlJJwl3BMEQCUNnxXBU9jP4JBktcEGhURcPR6VQVlnP0FdDEsIaz0C35dXNGLyRfrATNofF0F5p2KPxQgB+w==, registry: https://registry.npm.taobao.org/, tarball: https://registry.npmmirror.com/tslib/-/tslib-2.5.3.tgz}
    name: tslib
    version: 2.5.3
    dev: true

  registry.npmmirror.com/type-fest@0.21.3:
    resolution: {integrity: sha512-t0rzBq87m3fVcduHDUFhKmyyX+9eo6WQjZvf51Ea/M0Q7+T374Jp1aUiyUl0GKxp8M/OETVHSDvmkyPgvX+X2w==, registry: https://registry.npm.taobao.org/, tarball: https://registry.npmmirror.com/type-fest/-/type-fest-0.21.3.tgz}
    name: type-fest
    version: 0.21.3
    engines: {node: '>=10'}
    dev: true

  registry.npmmirror.com/which@2.0.2:
    resolution: {integrity: sha512-BLI3Tl1TW3Pvl70l3yq3Y64i+awpwXqsGBYWkkqMtnbXgrMD+yj7rhW0kuEDxzJaYXGjEW5ogapKNMEKNMjibA==, registry: https://registry.npm.taobao.org/, tarball: https://registry.npmmirror.com/which/-/which-2.0.2.tgz}
    name: which
    version: 2.0.2
    engines: {node: '>= 8'}
    hasBin: true
    dependencies:
      isexe: registry.npmmirror.com/isexe@2.0.0
    dev: true

  registry.npmmirror.com/wrap-ansi@6.2.0:
    resolution: {integrity: sha512-r6lPcBGxZXlIcymEu7InxDMhdW0KDxpLgoFLcguasxCaJ/SOIZwINatK9KY/tf+ZrlywOKU0UDj3ATXUBfxJXA==, registry: https://registry.npm.taobao.org/, tarball: https://registry.npmmirror.com/wrap-ansi/-/wrap-ansi-6.2.0.tgz}
    name: wrap-ansi
    version: 6.2.0
    engines: {node: '>=8'}
    dependencies:
      ansi-styles: registry.npmmirror.com/ansi-styles@4.3.0
      string-width: registry.npmmirror.com/string-width@4.2.3
      strip-ansi: registry.npmmirror.com/strip-ansi@6.0.1
    dev: true

  registry.npmmirror.com/wrap-ansi@7.0.0:
    resolution: {integrity: sha512-YVGIj2kamLSTxw6NsZjoBxfSwsn0ycdesmc4p+Q21c5zPuZ1pl+NfxVdxPtdHvmNVOQ6XSYG4AUtyt/Fi7D16Q==, registry: https://registry.npm.taobao.org/, tarball: https://registry.npmmirror.com/wrap-ansi/-/wrap-ansi-7.0.0.tgz}
    name: wrap-ansi
    version: 7.0.0
    engines: {node: '>=10'}
    dependencies:
      ansi-styles: registry.npmmirror.com/ansi-styles@4.3.0
      string-width: registry.npmmirror.com/string-width@4.2.3
      strip-ansi: registry.npmmirror.com/strip-ansi@6.0.1
    dev: true

  registry.npmmirror.com/yaml@2.3.1:
    resolution: {integrity: sha512-2eHWfjaoXgTBC2jNM1LRef62VQa0umtvRiDSk6HSzW7RvS5YtkabJrwYLLEKWBc8a5U2PTSCs+dJjUTJdlHsWQ==, registry: https://registry.npm.taobao.org/, tarball: https://registry.npmmirror.com/yaml/-/yaml-2.3.1.tgz}
    name: yaml
    version: 2.3.1
    engines: {node: '>= 14'}
    dev: true
