{
  "name": "test",
  "lockfileVersion": 3,
  "requires": true,
  "packages": {
    "": {
      "name": "test",
      "dependencies": {
        "@babel/generator": "^7.25.6",
        "@babel/parser": "^7.25.6",
        "@babel/traverse": "^7.25.6",
        "babel": "^6.23.0",
        "test": "file:"
      },
      "devDependencies": {
        "@babel/types": "^7.25.6",
        "@types/babel__generator": "^7.6.8",
        "@types/babel__traverse": "^7.20.6"
      },
      "peerDependencies": {
        "typescript": "^5.0.0"
      }
    },
    "../../../node_modules/.pnpm/@babel+generator@7.25.7/node_modules/@babel/generator": {
      "version": "7.25.7",
      "license": "MIT",
      "dependencies": {
        "@babel/types": "^7.25.7",
        "@jridgewell/gen-mapping": "^0.3.5",
        "@jridgewell/trace-mapping": "^0.3.25",
        "jsesc": "^3.0.2"
      },
      "devDependencies": {
        "@babel/helper-fixtures": "^7.25.7",
        "@babel/parser": "^7.25.7",
        "@jridgewell/sourcemap-codec": "^1.4.15",
        "@types/jsesc": "^2.5.0",
        "charcodes": "^0.2.0"
      },
      "engines": {
        "node": ">=6.9.0"
      }
    },
    "../../../node_modules/.pnpm/@babel+parser@7.25.8/node_modules/@babel/parser": {
      "version": "7.25.8",
      "license": "MIT",
      "dependencies": {
        "@babel/types": "^7.25.8"
      },
      "bin": {
        "parser": "bin/babel-parser.js"
      },
      "devDependencies": {
        "@babel/code-frame": "^7.25.7",
        "@babel/helper-check-duplicate-nodes": "^7.25.7",
        "@babel/helper-fixtures": "^7.25.7",
        "@babel/helper-string-parser": "^7.25.7",
        "@babel/helper-validator-identifier": "^7.25.7",
        "charcodes": "^0.2.0"
      },
      "engines": {
        "node": ">=6.0.0"
      }
    },
    "../../../node_modules/.pnpm/@babel+traverse@7.25.7/node_modules/@babel/traverse": {
      "version": "7.25.7",
      "license": "MIT",
      "dependencies": {
        "@babel/code-frame": "^7.25.7",
        "@babel/generator": "^7.25.7",
        "@babel/parser": "^7.25.7",
        "@babel/template": "^7.25.7",
        "@babel/types": "^7.25.7",
        "debug": "^4.3.1",
        "globals": "^11.1.0"
      },
      "devDependencies": {
        "@babel/core": "^7.25.7",
        "@babel/helper-plugin-test-runner": "^7.25.7"
      },
      "engines": {
        "node": ">=6.9.0"
      }
    },
    "../../../node_modules/.pnpm/@babel+types@7.25.8/node_modules/@babel/types": {
      "version": "7.25.8",
      "dev": true,
      "license": "MIT",
      "dependencies": {
        "@babel/helper-string-parser": "^7.25.7",
        "@babel/helper-validator-identifier": "^7.25.7",
        "to-fast-properties": "^2.0.0"
      },
      "devDependencies": {
        "@babel/generator": "^7.25.7",
        "@babel/parser": "^7.25.8",
        "glob": "^7.2.0"
      },
      "engines": {
        "node": ">=6.9.0"
      }
    },
    "../../../node_modules/.pnpm/@types+babel__generator@7.6.8/node_modules/@types/babel__generator": {
      "version": "7.6.8",
      "dev": true,
      "license": "MIT",
      "dependencies": {
        "@babel/types": "^7.0.0"
      }
    },
    "../../../node_modules/.pnpm/@types+babel__traverse@7.20.6/node_modules/@types/babel__traverse": {
      "version": "7.20.6",
      "dev": true,
      "license": "MIT",
      "dependencies": {
        "@babel/types": "^7.20.7"
      }
    },
    "../../../node_modules/.pnpm/babel@6.23.0/node_modules/babel": {
      "version": "6.23.0",
      "license": "MIT",
      "bin": {
        "babel": "lib/cli.js",
        "babel-external-helpers": "lib/cli.js",
        "babel-node": "lib/cli.js"
      }
    },
    "../../../node_modules/.pnpm/typescript@5.6.3/node_modules/typescript": {
      "version": "5.6.3",
      "license": "Apache-2.0",
      "peer": true,
      "bin": {
        "tsc": "bin/tsc",
        "tsserver": "bin/tsserver"
      },
      "devDependencies": {
        "@dprint/formatter": "^0.4.1",
        "@dprint/typescript": "0.91.6",
        "@esfx/canceltoken": "^1.0.0",
        "@eslint/js": "^9.9.0",
        "@octokit/rest": "^21.0.1",
        "@types/chai": "^4.3.17",
        "@types/diff": "^5.2.1",
        "@types/minimist": "^1.2.5",
        "@types/mocha": "^10.0.7",
        "@types/ms": "^0.7.34",
        "@types/node": "latest",
        "@types/source-map-support": "^0.5.10",
        "@types/which": "^3.0.4",
        "@typescript-eslint/rule-tester": "^8.1.0",
        "@typescript-eslint/type-utils": "^8.1.0",
        "@typescript-eslint/utils": "^8.1.0",
        "azure-devops-node-api": "^14.0.2",
        "c8": "^10.1.2",
        "chai": "^4.5.0",
        "chalk": "^4.1.2",
        "chokidar": "^3.6.0",
        "diff": "^5.2.0",
        "dprint": "^0.47.2",
        "esbuild": "^0.23.0",
        "eslint": "^9.9.0",
        "eslint-formatter-autolinkable-stylish": "^1.4.0",
        "eslint-plugin-regexp": "^2.6.0",
        "fast-xml-parser": "^4.4.1",
        "glob": "^10.4.5",
        "globals": "^15.9.0",
        "hereby": "^1.9.0",
        "jsonc-parser": "^3.3.1",
        "knip": "^5.27.2",
        "minimist": "^1.2.8",
        "mocha": "^10.7.3",
        "mocha-fivemat-progress-reporter": "^0.1.0",
        "monocart-coverage-reports": "^2.10.2",
        "ms": "^2.1.3",
        "node-fetch": "^3.3.2",
        "playwright": "^1.46.0",
        "source-map-support": "^0.5.21",
        "tslib": "^2.6.3",
        "typescript": "^5.5.4",
        "typescript-eslint": "^8.1.0",
        "which": "^3.0.1"
      },
      "engines": {
        "node": ">=14.17"
      }
    },
    "node_modules/@babel/generator": {
      "resolved": "../../../node_modules/.pnpm/@babel+generator@7.25.7/node_modules/@babel/generator",
      "link": true
    },
    "node_modules/@babel/parser": {
      "resolved": "../../../node_modules/.pnpm/@babel+parser@7.25.8/node_modules/@babel/parser",
      "link": true
    },
    "node_modules/@babel/traverse": {
      "resolved": "../../../node_modules/.pnpm/@babel+traverse@7.25.7/node_modules/@babel/traverse",
      "link": true
    },
    "node_modules/@babel/types": {
      "resolved": "../../../node_modules/.pnpm/@babel+types@7.25.8/node_modules/@babel/types",
      "link": true
    },
    "node_modules/@types/babel__generator": {
      "resolved": "../../../node_modules/.pnpm/@types+babel__generator@7.6.8/node_modules/@types/babel__generator",
      "link": true
    },
    "node_modules/@types/babel__traverse": {
      "resolved": "../../../node_modules/.pnpm/@types+babel__traverse@7.20.6/node_modules/@types/babel__traverse",
      "link": true
    },
    "node_modules/babel": {
      "resolved": "../../../node_modules/.pnpm/babel@6.23.0/node_modules/babel",
      "link": true
    },
    "node_modules/test": {
      "resolved": "",
      "link": true
    },
    "node_modules/typescript": {
      "resolved": "../../../node_modules/.pnpm/typescript@5.6.3/node_modules/typescript",
      "link": true
    }
  }
}
