{
  "lockfileVersion": 1,
  "workspaces": {
    "": {
      "name": "@fastgpt-sdk/sandbox_server",
      "dependencies": {
        "axios": "^1.7.0",
        "zod": "^3.22.0",
      },
      "devDependencies": {
        "@types/node": "^20.0.0",
        "tsup": "^8.0.0",
        "typescript": "^5.0.0",
      },
      "peerDependencies": {
        "axios": "^1.7.0",
        "zod": "^3.22.0",
      },
    },
  },
  "packages": {
    "@esbuild/aix-ppc64": ["@esbuild/aix-ppc64@0.27.2", "https://registry.npmmirror.com/@esbuild/aix-ppc64/-/aix-ppc64-0.27.2.tgz", { "os": "aix", "cpu": "ppc64" }, "sha512-GZMB+a0mOMZs4MpDbj8RJp4cw+w1WV5NYD6xzgvzUJ5Ek2jerwfO2eADyI6ExDSUED+1X8aMbegahsJi+8mgpw=="],

    "@esbuild/android-arm": ["@esbuild/android-arm@0.27.2", "https://registry.npmmirror.com/@esbuild/android-arm/-/android-arm-0.27.2.tgz", { "os": "android", "cpu": "arm" }, "sha512-DVNI8jlPa7Ujbr1yjU2PfUSRtAUZPG9I1RwW4F4xFB1Imiu2on0ADiI/c3td+KmDtVKNbi+nffGDQMfcIMkwIA=="],

    "@esbuild/android-arm64": ["@esbuild/android-arm64@0.27.2", "https://registry.npmmirror.com/@esbuild/android-arm64/-/android-arm64-0.27.2.tgz", { "os": "android", "cpu": "arm64" }, "sha512-pvz8ZZ7ot/RBphf8fv60ljmaoydPU12VuXHImtAs0XhLLw+EXBi2BLe3OYSBslR4rryHvweW5gmkKFwTiFy6KA=="],

    "@esbuild/android-x64": ["@esbuild/android-x64@0.27.2", "https://registry.npmmirror.com/@esbuild/android-x64/-/android-x64-0.27.2.tgz", { "os": "android", "cpu": "x64" }, "sha512-z8Ank4Byh4TJJOh4wpz8g2vDy75zFL0TlZlkUkEwYXuPSgX8yzep596n6mT7905kA9uHZsf/o2OJZubl2l3M7A=="],

    "@esbuild/darwin-arm64": ["@esbuild/darwin-arm64@0.27.2", "https://registry.npmmirror.com/@esbuild/darwin-arm64/-/darwin-arm64-0.27.2.tgz", { "os": "darwin", "cpu": "arm64" }, "sha512-davCD2Zc80nzDVRwXTcQP/28fiJbcOwvdolL0sOiOsbwBa72kegmVU0Wrh1MYrbuCL98Omp5dVhQFWRKR2ZAlg=="],

    "@esbuild/darwin-x64": ["@esbuild/darwin-x64@0.27.2", "https://registry.npmmirror.com/@esbuild/darwin-x64/-/darwin-x64-0.27.2.tgz", { "os": "darwin", "cpu": "x64" }, "sha512-ZxtijOmlQCBWGwbVmwOF/UCzuGIbUkqB1faQRf5akQmxRJ1ujusWsb3CVfk/9iZKr2L5SMU5wPBi1UWbvL+VQA=="],

    "@esbuild/freebsd-arm64": ["@esbuild/freebsd-arm64@0.27.2", "https://registry.npmmirror.com/@esbuild/freebsd-arm64/-/freebsd-arm64-0.27.2.tgz", { "os": "freebsd", "cpu": "arm64" }, "sha512-lS/9CN+rgqQ9czogxlMcBMGd+l8Q3Nj1MFQwBZJyoEKI50XGxwuzznYdwcav6lpOGv5BqaZXqvBSiB/kJ5op+g=="],

    "@esbuild/freebsd-x64": ["@esbuild/freebsd-x64@0.27.2", "https://registry.npmmirror.com/@esbuild/freebsd-x64/-/freebsd-x64-0.27.2.tgz", { "os": "freebsd", "cpu": "x64" }, "sha512-tAfqtNYb4YgPnJlEFu4c212HYjQWSO/w/h/lQaBK7RbwGIkBOuNKQI9tqWzx7Wtp7bTPaGC6MJvWI608P3wXYA=="],

    "@esbuild/linux-arm": ["@esbuild/linux-arm@0.27.2", "https://registry.npmmirror.com/@esbuild/linux-arm/-/linux-arm-0.27.2.tgz", { "os": "linux", "cpu": "arm" }, "sha512-vWfq4GaIMP9AIe4yj1ZUW18RDhx6EPQKjwe7n8BbIecFtCQG4CfHGaHuh7fdfq+y3LIA2vGS/o9ZBGVxIDi9hw=="],

    "@esbuild/linux-arm64": ["@esbuild/linux-arm64@0.27.2", "https://registry.npmmirror.com/@esbuild/linux-arm64/-/linux-arm64-0.27.2.tgz", { "os": "linux", "cpu": "arm64" }, "sha512-hYxN8pr66NsCCiRFkHUAsxylNOcAQaxSSkHMMjcpx0si13t1LHFphxJZUiGwojB1a/Hd5OiPIqDdXONia6bhTw=="],

    "@esbuild/linux-ia32": ["@esbuild/linux-ia32@0.27.2", "https://registry.npmmirror.com/@esbuild/linux-ia32/-/linux-ia32-0.27.2.tgz", { "os": "linux", "cpu": "ia32" }, "sha512-MJt5BRRSScPDwG2hLelYhAAKh9imjHK5+NE/tvnRLbIqUWa+0E9N4WNMjmp/kXXPHZGqPLxggwVhz7QP8CTR8w=="],

    "@esbuild/linux-loong64": ["@esbuild/linux-loong64@0.27.2", "https://registry.npmmirror.com/@esbuild/linux-loong64/-/linux-loong64-0.27.2.tgz", { "os": "linux", "cpu": "none" }, "sha512-lugyF1atnAT463aO6KPshVCJK5NgRnU4yb3FUumyVz+cGvZbontBgzeGFO1nF+dPueHD367a2ZXe1NtUkAjOtg=="],

    "@esbuild/linux-mips64el": ["@esbuild/linux-mips64el@0.27.2", "https://registry.npmmirror.com/@esbuild/linux-mips64el/-/linux-mips64el-0.27.2.tgz", { "os": "linux", "cpu": "none" }, "sha512-nlP2I6ArEBewvJ2gjrrkESEZkB5mIoaTswuqNFRv/WYd+ATtUpe9Y09RnJvgvdag7he0OWgEZWhviS1OTOKixw=="],

    "@esbuild/linux-ppc64": ["@esbuild/linux-ppc64@0.27.2", "https://registry.npmmirror.com/@esbuild/linux-ppc64/-/linux-ppc64-0.27.2.tgz", { "os": "linux", "cpu": "ppc64" }, "sha512-C92gnpey7tUQONqg1n6dKVbx3vphKtTHJaNG2Ok9lGwbZil6DrfyecMsp9CrmXGQJmZ7iiVXvvZH6Ml5hL6XdQ=="],

    "@esbuild/linux-riscv64": ["@esbuild/linux-riscv64@0.27.2", "https://registry.npmmirror.com/@esbuild/linux-riscv64/-/linux-riscv64-0.27.2.tgz", { "os": "linux", "cpu": "none" }, "sha512-B5BOmojNtUyN8AXlK0QJyvjEZkWwy/FKvakkTDCziX95AowLZKR6aCDhG7LeF7uMCXEJqwa8Bejz5LTPYm8AvA=="],

    "@esbuild/linux-s390x": ["@esbuild/linux-s390x@0.27.2", "https://registry.npmmirror.com/@esbuild/linux-s390x/-/linux-s390x-0.27.2.tgz", { "os": "linux", "cpu": "s390x" }, "sha512-p4bm9+wsPwup5Z8f4EpfN63qNagQ47Ua2znaqGH6bqLlmJ4bx97Y9JdqxgGZ6Y8xVTixUnEkoKSHcpRlDnNr5w=="],

    "@esbuild/linux-x64": ["@esbuild/linux-x64@0.27.2", "https://registry.npmmirror.com/@esbuild/linux-x64/-/linux-x64-0.27.2.tgz", { "os": "linux", "cpu": "x64" }, "sha512-uwp2Tip5aPmH+NRUwTcfLb+W32WXjpFejTIOWZFw/v7/KnpCDKG66u4DLcurQpiYTiYwQ9B7KOeMJvLCu/OvbA=="],

    "@esbuild/netbsd-arm64": ["@esbuild/netbsd-arm64@0.27.2", "https://registry.npmmirror.com/@esbuild/netbsd-arm64/-/netbsd-arm64-0.27.2.tgz", { "os": "none", "cpu": "arm64" }, "sha512-Kj6DiBlwXrPsCRDeRvGAUb/LNrBASrfqAIok+xB0LxK8CHqxZ037viF13ugfsIpePH93mX7xfJp97cyDuTZ3cw=="],

    "@esbuild/netbsd-x64": ["@esbuild/netbsd-x64@0.27.2", "https://registry.npmmirror.com/@esbuild/netbsd-x64/-/netbsd-x64-0.27.2.tgz", { "os": "none", "cpu": "x64" }, "sha512-HwGDZ0VLVBY3Y+Nw0JexZy9o/nUAWq9MlV7cahpaXKW6TOzfVno3y3/M8Ga8u8Yr7GldLOov27xiCnqRZf0tCA=="],

    "@esbuild/openbsd-arm64": ["@esbuild/openbsd-arm64@0.27.2", "https://registry.npmmirror.com/@esbuild/openbsd-arm64/-/openbsd-arm64-0.27.2.tgz", { "os": "openbsd", "cpu": "arm64" }, "sha512-DNIHH2BPQ5551A7oSHD0CKbwIA/Ox7+78/AWkbS5QoRzaqlev2uFayfSxq68EkonB+IKjiuxBFoV8ESJy8bOHA=="],

    "@esbuild/openbsd-x64": ["@esbuild/openbsd-x64@0.27.2", "https://registry.npmmirror.com/@esbuild/openbsd-x64/-/openbsd-x64-0.27.2.tgz", { "os": "openbsd", "cpu": "x64" }, "sha512-/it7w9Nb7+0KFIzjalNJVR5bOzA9Vay+yIPLVHfIQYG/j+j9VTH84aNB8ExGKPU4AzfaEvN9/V4HV+F+vo8OEg=="],

    "@esbuild/openharmony-arm64": ["@esbuild/openharmony-arm64@0.27.2", "https://registry.npmmirror.com/@esbuild/openharmony-arm64/-/openharmony-arm64-0.27.2.tgz", { "os": "none", "cpu": "arm64" }, "sha512-LRBbCmiU51IXfeXk59csuX/aSaToeG7w48nMwA6049Y4J4+VbWALAuXcs+qcD04rHDuSCSRKdmY63sruDS5qag=="],

    "@esbuild/sunos-x64": ["@esbuild/sunos-x64@0.27.2", "https://registry.npmmirror.com/@esbuild/sunos-x64/-/sunos-x64-0.27.2.tgz", { "os": "sunos", "cpu": "x64" }, "sha512-kMtx1yqJHTmqaqHPAzKCAkDaKsffmXkPHThSfRwZGyuqyIeBvf08KSsYXl+abf5HDAPMJIPnbBfXvP2ZC2TfHg=="],

    "@esbuild/win32-arm64": ["@esbuild/win32-arm64@0.27.2", "https://registry.npmmirror.com/@esbuild/win32-arm64/-/win32-arm64-0.27.2.tgz", { "os": "win32", "cpu": "arm64" }, "sha512-Yaf78O/B3Kkh+nKABUF++bvJv5Ijoy9AN1ww904rOXZFLWVc5OLOfL56W+C8F9xn5JQZa3UX6m+IktJnIb1Jjg=="],

    "@esbuild/win32-ia32": ["@esbuild/win32-ia32@0.27.2", "https://registry.npmmirror.com/@esbuild/win32-ia32/-/win32-ia32-0.27.2.tgz", { "os": "win32", "cpu": "ia32" }, "sha512-Iuws0kxo4yusk7sw70Xa2E2imZU5HoixzxfGCdxwBdhiDgt9vX9VUCBhqcwY7/uh//78A1hMkkROMJq9l27oLQ=="],

    "@esbuild/win32-x64": ["@esbuild/win32-x64@0.27.2", "https://registry.npmmirror.com/@esbuild/win32-x64/-/win32-x64-0.27.2.tgz", { "os": "win32", "cpu": "x64" }, "sha512-sRdU18mcKf7F+YgheI/zGf5alZatMUTKj/jNS6l744f9u3WFu4v7twcUI9vu4mknF4Y9aDlblIie0IM+5xxaqQ=="],

    "@jridgewell/gen-mapping": ["@jridgewell/gen-mapping@0.3.13", "https://registry.npmmirror.com/@jridgewell/gen-mapping/-/gen-mapping-0.3.13.tgz", { "dependencies": { "@jridgewell/sourcemap-codec": "^1.5.0", "@jridgewell/trace-mapping": "^0.3.24" } }, "sha512-2kkt/7niJ6MgEPxF0bYdQ6etZaA+fQvDcLKckhy1yIQOzaoKjBBjSj63/aLVjYE3qhRt5dvM+uUyfCg6UKCBbA=="],

    "@jridgewell/resolve-uri": ["@jridgewell/resolve-uri@3.1.2", "https://registry.npmmirror.com/@jridgewell/resolve-uri/-/resolve-uri-3.1.2.tgz", {}, "sha512-bRISgCIjP20/tbWSPWMEi54QVPRZExkuD9lJL+UIxUKtwVJA8wW1Trb1jMs1RFXo1CBTNZ/5hpC9QvmKWdopKw=="],

    "@jridgewell/sourcemap-codec": ["@jridgewell/sourcemap-codec@1.5.5", "https://registry.npmmirror.com/@jridgewell/sourcemap-codec/-/sourcemap-codec-1.5.5.tgz", {}, "sha512-cYQ9310grqxueWbl+WuIUIaiUaDcj7WOq5fVhEljNVgRfOUhY9fy2zTvfoqWsnebh8Sl70VScFbICvJnLKB0Og=="],

    "@jridgewell/trace-mapping": ["@jridgewell/trace-mapping@0.3.31", "https://registry.npmmirror.com/@jridgewell/trace-mapping/-/trace-mapping-0.3.31.tgz", { "dependencies": { "@jridgewell/resolve-uri": "^3.1.0", "@jridgewell/sourcemap-codec": "^1.4.14" } }, "sha512-zzNR+SdQSDJzc8joaeP8QQoCQr8NuYx2dIIytl1QeBEZHJ9uW6hebsrYgbz8hJwUQao3TWCMtmfV8Nu1twOLAw=="],

    "@rollup/rollup-android-arm-eabi": ["@rollup/rollup-android-arm-eabi@4.57.1", "https://registry.npmmirror.com/@rollup/rollup-android-arm-eabi/-/rollup-android-arm-eabi-4.57.1.tgz", { "os": "android", "cpu": "arm" }, "sha512-A6ehUVSiSaaliTxai040ZpZ2zTevHYbvu/lDoeAteHI8QnaosIzm4qwtezfRg1jOYaUmnzLX1AOD6Z+UJjtifg=="],

    "@rollup/rollup-android-arm64": ["@rollup/rollup-android-arm64@4.57.1", "https://registry.npmmirror.com/@rollup/rollup-android-arm64/-/rollup-android-arm64-4.57.1.tgz", { "os": "android", "cpu": "arm64" }, "sha512-dQaAddCY9YgkFHZcFNS/606Exo8vcLHwArFZ7vxXq4rigo2bb494/xKMMwRRQW6ug7Js6yXmBZhSBRuBvCCQ3w=="],

    "@rollup/rollup-darwin-arm64": ["@rollup/rollup-darwin-arm64@4.57.1", "https://registry.npmmirror.com/@rollup/rollup-darwin-arm64/-/rollup-darwin-arm64-4.57.1.tgz", { "os": "darwin", "cpu": "arm64" }, "sha512-crNPrwJOrRxagUYeMn/DZwqN88SDmwaJ8Cvi/TN1HnWBU7GwknckyosC2gd0IqYRsHDEnXf328o9/HC6OkPgOg=="],

    "@rollup/rollup-darwin-x64": ["@rollup/rollup-darwin-x64@4.57.1", "https://registry.npmmirror.com/@rollup/rollup-darwin-x64/-/rollup-darwin-x64-4.57.1.tgz", { "os": "darwin", "cpu": "x64" }, "sha512-Ji8g8ChVbKrhFtig5QBV7iMaJrGtpHelkB3lsaKzadFBe58gmjfGXAOfI5FV0lYMH8wiqsxKQ1C9B0YTRXVy4w=="],

    "@rollup/rollup-freebsd-arm64": ["@rollup/rollup-freebsd-arm64@4.57.1", "https://registry.npmmirror.com/@rollup/rollup-freebsd-arm64/-/rollup-freebsd-arm64-4.57.1.tgz", { "os": "freebsd", "cpu": "arm64" }, "sha512-R+/WwhsjmwodAcz65guCGFRkMb4gKWTcIeLy60JJQbXrJ97BOXHxnkPFrP+YwFlaS0m+uWJTstrUA9o+UchFug=="],

    "@rollup/rollup-freebsd-x64": ["@rollup/rollup-freebsd-x64@4.57.1", "https://registry.npmmirror.com/@rollup/rollup-freebsd-x64/-/rollup-freebsd-x64-4.57.1.tgz", { "os": "freebsd", "cpu": "x64" }, "sha512-IEQTCHeiTOnAUC3IDQdzRAGj3jOAYNr9kBguI7MQAAZK3caezRrg0GxAb6Hchg4lxdZEI5Oq3iov/w/hnFWY9Q=="],

    "@rollup/rollup-linux-arm-gnueabihf": ["@rollup/rollup-linux-arm-gnueabihf@4.57.1", "https://registry.npmmirror.com/@rollup/rollup-linux-arm-gnueabihf/-/rollup-linux-arm-gnueabihf-4.57.1.tgz", { "os": "linux", "cpu": "arm" }, "sha512-F8sWbhZ7tyuEfsmOxwc2giKDQzN3+kuBLPwwZGyVkLlKGdV1nvnNwYD0fKQ8+XS6hp9nY7B+ZeK01EBUE7aHaw=="],

    "@rollup/rollup-linux-arm-musleabihf": ["@rollup/rollup-linux-arm-musleabihf@4.57.1", "https://registry.npmmirror.com/@rollup/rollup-linux-arm-musleabihf/-/rollup-linux-arm-musleabihf-4.57.1.tgz", { "os": "linux", "cpu": "arm" }, "sha512-rGfNUfn0GIeXtBP1wL5MnzSj98+PZe/AXaGBCRmT0ts80lU5CATYGxXukeTX39XBKsxzFpEeK+Mrp9faXOlmrw=="],

    "@rollup/rollup-linux-arm64-gnu": ["@rollup/rollup-linux-arm64-gnu@4.57.1", "https://registry.npmmirror.com/@rollup/rollup-linux-arm64-gnu/-/rollup-linux-arm64-gnu-4.57.1.tgz", { "os": "linux", "cpu": "arm64" }, "sha512-MMtej3YHWeg/0klK2Qodf3yrNzz6CGjo2UntLvk2RSPlhzgLvYEB3frRvbEF2wRKh1Z2fDIg9KRPe1fawv7C+g=="],

    "@rollup/rollup-linux-arm64-musl": ["@rollup/rollup-linux-arm64-musl@4.57.1", "https://registry.npmmirror.com/@rollup/rollup-linux-arm64-musl/-/rollup-linux-arm64-musl-4.57.1.tgz", { "os": "linux", "cpu": "arm64" }, "sha512-1a/qhaaOXhqXGpMFMET9VqwZakkljWHLmZOX48R0I/YLbhdxr1m4gtG1Hq7++VhVUmf+L3sTAf9op4JlhQ5u1Q=="],

    "@rollup/rollup-linux-loong64-gnu": ["@rollup/rollup-linux-loong64-gnu@4.57.1", "https://registry.npmmirror.com/@rollup/rollup-linux-loong64-gnu/-/rollup-linux-loong64-gnu-4.57.1.tgz", { "os": "linux", "cpu": "none" }, "sha512-QWO6RQTZ/cqYtJMtxhkRkidoNGXc7ERPbZN7dVW5SdURuLeVU7lwKMpo18XdcmpWYd0qsP1bwKPf7DNSUinhvA=="],

    "@rollup/rollup-linux-loong64-musl": ["@rollup/rollup-linux-loong64-musl@4.57.1", "https://registry.npmmirror.com/@rollup/rollup-linux-loong64-musl/-/rollup-linux-loong64-musl-4.57.1.tgz", { "os": "linux", "cpu": "none" }, "sha512-xpObYIf+8gprgWaPP32xiN5RVTi/s5FCR+XMXSKmhfoJjrpRAjCuuqQXyxUa/eJTdAE6eJ+KDKaoEqjZQxh3Gw=="],

    "@rollup/rollup-linux-ppc64-gnu": ["@rollup/rollup-linux-ppc64-gnu@4.57.1", "https://registry.npmmirror.com/@rollup/rollup-linux-ppc64-gnu/-/rollup-linux-ppc64-gnu-4.57.1.tgz", { "os": "linux", "cpu": "ppc64" }, "sha512-4BrCgrpZo4hvzMDKRqEaW1zeecScDCR+2nZ86ATLhAoJ5FQ+lbHVD3ttKe74/c7tNT9c6F2viwB3ufwp01Oh2w=="],

    "@rollup/rollup-linux-ppc64-musl": ["@rollup/rollup-linux-ppc64-musl@4.57.1", "https://registry.npmmirror.com/@rollup/rollup-linux-ppc64-musl/-/rollup-linux-ppc64-musl-4.57.1.tgz", { "os": "linux", "cpu": "ppc64" }, "sha512-NOlUuzesGauESAyEYFSe3QTUguL+lvrN1HtwEEsU2rOwdUDeTMJdO5dUYl/2hKf9jWydJrO9OL/XSSf65R5+Xw=="],

    "@rollup/rollup-linux-riscv64-gnu": ["@rollup/rollup-linux-riscv64-gnu@4.57.1", "https://registry.npmmirror.com/@rollup/rollup-linux-riscv64-gnu/-/rollup-linux-riscv64-gnu-4.57.1.tgz", { "os": "linux", "cpu": "none" }, "sha512-ptA88htVp0AwUUqhVghwDIKlvJMD/fmL/wrQj99PRHFRAG6Z5nbWoWG4o81Nt9FT+IuqUQi+L31ZKAFeJ5Is+A=="],

    "@rollup/rollup-linux-riscv64-musl": ["@rollup/rollup-linux-riscv64-musl@4.57.1", "https://registry.npmmirror.com/@rollup/rollup-linux-riscv64-musl/-/rollup-linux-riscv64-musl-4.57.1.tgz", { "os": "linux", "cpu": "none" }, "sha512-S51t7aMMTNdmAMPpBg7OOsTdn4tySRQvklmL3RpDRyknk87+Sp3xaumlatU+ppQ+5raY7sSTcC2beGgvhENfuw=="],

    "@rollup/rollup-linux-s390x-gnu": ["@rollup/rollup-linux-s390x-gnu@4.57.1", "https://registry.npmmirror.com/@rollup/rollup-linux-s390x-gnu/-/rollup-linux-s390x-gnu-4.57.1.tgz", { "os": "linux", "cpu": "s390x" }, "sha512-Bl00OFnVFkL82FHbEqy3k5CUCKH6OEJL54KCyx2oqsmZnFTR8IoNqBF+mjQVcRCT5sB6yOvK8A37LNm/kPJiZg=="],

    "@rollup/rollup-linux-x64-gnu": ["@rollup/rollup-linux-x64-gnu@4.57.1", "https://registry.npmmirror.com/@rollup/rollup-linux-x64-gnu/-/rollup-linux-x64-gnu-4.57.1.tgz", { "os": "linux", "cpu": "x64" }, "sha512-ABca4ceT4N+Tv/GtotnWAeXZUZuM/9AQyCyKYyKnpk4yoA7QIAuBt6Hkgpw8kActYlew2mvckXkvx0FfoInnLg=="],

    "@rollup/rollup-linux-x64-musl": ["@rollup/rollup-linux-x64-musl@4.57.1", "https://registry.npmmirror.com/@rollup/rollup-linux-x64-musl/-/rollup-linux-x64-musl-4.57.1.tgz", { "os": "linux", "cpu": "x64" }, "sha512-HFps0JeGtuOR2convgRRkHCekD7j+gdAuXM+/i6kGzQtFhlCtQkpwtNzkNj6QhCDp7DRJ7+qC/1Vg2jt5iSOFw=="],

    "@rollup/rollup-openbsd-x64": ["@rollup/rollup-openbsd-x64@4.57.1", "https://registry.npmmirror.com/@rollup/rollup-openbsd-x64/-/rollup-openbsd-x64-4.57.1.tgz", { "os": "openbsd", "cpu": "x64" }, "sha512-H+hXEv9gdVQuDTgnqD+SQffoWoc0Of59AStSzTEj/feWTBAnSfSD3+Dql1ZruJQxmykT/JVY0dE8Ka7z0DH1hw=="],

    "@rollup/rollup-openharmony-arm64": ["@rollup/rollup-openharmony-arm64@4.57.1", "https://registry.npmmirror.com/@rollup/rollup-openharmony-arm64/-/rollup-openharmony-arm64-4.57.1.tgz", { "os": "none", "cpu": "arm64" }, "sha512-4wYoDpNg6o/oPximyc/NG+mYUejZrCU2q+2w6YZqrAs2UcNUChIZXjtafAiiZSUc7On8v5NyNj34Kzj/Ltk6dQ=="],

    "@rollup/rollup-win32-arm64-msvc": ["@rollup/rollup-win32-arm64-msvc@4.57.1", "https://registry.npmmirror.com/@rollup/rollup-win32-arm64-msvc/-/rollup-win32-arm64-msvc-4.57.1.tgz", { "os": "win32", "cpu": "arm64" }, "sha512-O54mtsV/6LW3P8qdTcamQmuC990HDfR71lo44oZMZlXU4tzLrbvTii87Ni9opq60ds0YzuAlEr/GNwuNluZyMQ=="],

    "@rollup/rollup-win32-ia32-msvc": ["@rollup/rollup-win32-ia32-msvc@4.57.1", "https://registry.npmmirror.com/@rollup/rollup-win32-ia32-msvc/-/rollup-win32-ia32-msvc-4.57.1.tgz", { "os": "win32", "cpu": "ia32" }, "sha512-P3dLS+IerxCT/7D2q2FYcRdWRl22dNbrbBEtxdWhXrfIMPP9lQhb5h4Du04mdl5Woq05jVCDPCMF7Ub0NAjIew=="],

    "@rollup/rollup-win32-x64-gnu": ["@rollup/rollup-win32-x64-gnu@4.57.1", "https://registry.npmmirror.com/@rollup/rollup-win32-x64-gnu/-/rollup-win32-x64-gnu-4.57.1.tgz", { "os": "win32", "cpu": "x64" }, "sha512-VMBH2eOOaKGtIJYleXsi2B8CPVADrh+TyNxJ4mWPnKfLB/DBUmzW+5m1xUrcwWoMfSLagIRpjUFeW5CO5hyciQ=="],

    "@rollup/rollup-win32-x64-msvc": ["@rollup/rollup-win32-x64-msvc@4.57.1", "https://registry.npmmirror.com/@rollup/rollup-win32-x64-msvc/-/rollup-win32-x64-msvc-4.57.1.tgz", { "os": "win32", "cpu": "x64" }, "sha512-mxRFDdHIWRxg3UfIIAwCm6NzvxG0jDX/wBN6KsQFTvKFqqg9vTrWUE68qEjHt19A5wwx5X5aUi2zuZT7YR0jrA=="],

    "@types/estree": ["@types/estree@1.0.8", "https://registry.npmmirror.com/@types/estree/-/estree-1.0.8.tgz", {}, "sha512-dWHzHa2WqEXI/O1E9OjrocMTKJl2mSrEolh1Iomrv6U+JuNwaHXsXx9bLu5gG7BUWFIN0skIQJQ/L1rIex4X6w=="],

    "@types/node": ["@types/node@20.19.31", "https://registry.npmmirror.com/@types/node/-/node-20.19.31.tgz", { "dependencies": { "undici-types": "~6.21.0" } }, "sha512-5jsi0wpncvTD33Sh1UCgacK37FFwDn+EG7wCmEvs62fCvBL+n8/76cAYDok21NF6+jaVWIqKwCZyX7Vbu8eB3A=="],

    "acorn": ["acorn@8.15.0", "https://registry.npmmirror.com/acorn/-/acorn-8.15.0.tgz", { "bin": { "acorn": "bin/acorn" } }, "sha512-NZyJarBfL7nWwIq+FDL6Zp/yHEhePMNnnJ0y3qfieCrmNvYct8uvtiV41UvlSe6apAfk0fY1FbWx+NwfmpvtTg=="],

    "any-promise": ["any-promise@1.3.0", "https://registry.npmmirror.com/any-promise/-/any-promise-1.3.0.tgz", {}, "sha512-7UvmKalWRt1wgjL1RrGxoSJW/0QZFIegpeGvZG9kjp8vrRu55XTHbwnqq2GpXm9uLbcuhxm3IqX9OB4MZR1b2A=="],

    "asynckit": ["asynckit@0.4.0", "https://registry.npmmirror.com/asynckit/-/asynckit-0.4.0.tgz", {}, "sha512-Oei9OH4tRh0YqU3GxhX79dM/mwVgvbZJaSNaRk+bshkj0S5cfHcgYakreBjrHwatXKbz+IoIdYLxrKim2MjW0Q=="],

    "axios": ["axios@1.13.4", "https://registry.npmmirror.com/axios/-/axios-1.13.4.tgz", { "dependencies": { "follow-redirects": "^1.15.6", "form-data": "^4.0.4", "proxy-from-env": "^1.1.0" } }, "sha512-1wVkUaAO6WyaYtCkcYCOx12ZgpGf9Zif+qXa4n+oYzK558YryKqiL6UWwd5DqiH3VRW0GYhTZQ/vlgJrCoNQlg=="],

    "bundle-require": ["bundle-require@5.1.0", "https://registry.npmmirror.com/bundle-require/-/bundle-require-5.1.0.tgz", { "dependencies": { "load-tsconfig": "^0.2.3" }, "peerDependencies": { "esbuild": ">=0.18" } }, "sha512-3WrrOuZiyaaZPWiEt4G3+IffISVC9HYlWueJEBWED4ZH4aIAC2PnkdnuRrR94M+w6yGWn4AglWtJtBI8YqvgoA=="],

    "cac": ["cac@6.7.14", "https://registry.npmmirror.com/cac/-/cac-6.7.14.tgz", {}, "sha512-b6Ilus+c3RrdDk+JhLKUAQfzzgLEPy6wcXqS7f/xe1EETvsDP6GORG7SFuOs6cID5YkqchW/LXZbX5bc8j7ZcQ=="],

    "call-bind-apply-helpers": ["call-bind-apply-helpers@1.0.2", "https://registry.npmmirror.com/call-bind-apply-helpers/-/call-bind-apply-helpers-1.0.2.tgz", { "dependencies": { "es-errors": "^1.3.0", "function-bind": "^1.1.2" } }, "sha512-Sp1ablJ0ivDkSzjcaJdxEunN5/XvksFJ2sMBFfq6x0ryhQV/2b/KwFe21cMpmHtPOSij8K99/wSfoEuTObmuMQ=="],

    "chokidar": ["chokidar@4.0.3", "https://registry.npmmirror.com/chokidar/-/chokidar-4.0.3.tgz", { "dependencies": { "readdirp": "^4.0.1" } }, "sha512-Qgzu8kfBvo+cA4962jnP1KkS6Dop5NS6g7R5LFYJr4b8Ub94PPQXUksCw9PvXoeXPRRddRNC5C1JQUR2SMGtnA=="],

    "combined-stream": ["combined-stream@1.0.8", "https://registry.npmmirror.com/combined-stream/-/combined-stream-1.0.8.tgz", { "dependencies": { "delayed-stream": "~1.0.0" } }, "sha512-FQN4MRfuJeHf7cBbBMJFXhKSDq+2kAArBlmRBvcvFE5BB1HZKXtSFASDhdlz9zOYwxh8lDdnvmMOe/+5cdoEdg=="],

    "commander": ["commander@4.1.1", "https://registry.npmmirror.com/commander/-/commander-4.1.1.tgz", {}, "sha512-NOKm8xhkzAjzFx8B2v5OAHT+u5pRQc2UCa2Vq9jYL/31o2wi9mxBA7LIFs3sV5VSC49z6pEhfbMULvShKj26WA=="],

    "confbox": ["confbox@0.1.8", "https://registry.npmmirror.com/confbox/-/confbox-0.1.8.tgz", {}, "sha512-RMtmw0iFkeR4YV+fUOSucriAQNb9g8zFR52MWCtl+cCZOFRNL6zeB395vPzFhEjjn4fMxXudmELnl/KF/WrK6w=="],

    "consola": ["consola@3.4.2", "https://registry.npmmirror.com/consola/-/consola-3.4.2.tgz", {}, "sha512-5IKcdX0nnYavi6G7TtOhwkYzyjfJlatbjMjuLSfE2kYT5pMDOilZ4OvMhi637CcDICTmz3wARPoyhqyX1Y+XvA=="],

    "debug": ["debug@4.4.3", "https://registry.npmmirror.com/debug/-/debug-4.4.3.tgz", { "dependencies": { "ms": "^2.1.3" } }, "sha512-RGwwWnwQvkVfavKVt22FGLw+xYSdzARwm0ru6DhTVA3umU5hZc28V3kO4stgYryrTlLpuvgI9GiijltAjNbcqA=="],

    "delayed-stream": ["delayed-stream@1.0.0", "https://registry.npmmirror.com/delayed-stream/-/delayed-stream-1.0.0.tgz", {}, "sha512-ZySD7Nf91aLB0RxL4KGrKHBXl7Eds1DAmEdcoVawXnLD7SDhpNgtuII2aAkg7a7QS41jxPSZ17p4VdGnMHk3MQ=="],

    "dunder-proto": ["dunder-proto@1.0.1", "https://registry.npmmirror.com/dunder-proto/-/dunder-proto-1.0.1.tgz", { "dependencies": { "call-bind-apply-helpers": "^1.0.1", "es-errors": "^1.3.0", "gopd": "^1.2.0" } }, "sha512-KIN/nDJBQRcXw0MLVhZE9iQHmG68qAVIBg9CqmUYjmQIhgij9U5MFvrqkUL5FbtyyzZuOeOt0zdeRe4UY7ct+A=="],

    "es-define-property": ["es-define-property@1.0.1", "https://registry.npmmirror.com/es-define-property/-/es-define-property-1.0.1.tgz", {}, "sha512-e3nRfgfUZ4rNGL232gUgX06QNyyez04KdjFrF+LTRoOXmrOgFKDg4BCdsjW8EnT69eqdYGmRpJwiPVYNrCaW3g=="],

    "es-errors": ["es-errors@1.3.0", "https://registry.npmmirror.com/es-errors/-/es-errors-1.3.0.tgz", {}, "sha512-Zf5H2Kxt2xjTvbJvP2ZWLEICxA6j+hAmMzIlypy4xcBg1vKVnx89Wy0GbS+kf5cwCVFFzdCFh2XSCFNULS6csw=="],

    "es-object-atoms": ["es-object-atoms@1.1.1", "https://registry.npmmirror.com/es-object-atoms/-/es-object-atoms-1.1.1.tgz", { "dependencies": { "es-errors": "^1.3.0" } }, "sha512-FGgH2h8zKNim9ljj7dankFPcICIK9Cp5bm+c2gQSYePhpaG5+esrLODihIorn+Pe6FGJzWhXQotPv73jTaldXA=="],

    "es-set-tostringtag": ["es-set-tostringtag@2.1.0", "https://registry.npmmirror.com/es-set-tostringtag/-/es-set-tostringtag-2.1.0.tgz", { "dependencies": { "es-errors": "^1.3.0", "get-intrinsic": "^1.2.6", "has-tostringtag": "^1.0.2", "hasown": "^2.0.2" } }, "sha512-j6vWzfrGVfyXxge+O0x5sh6cvxAog0a/4Rdd2K36zCMV5eJ+/+tOAngRO8cODMNWbVRdVlmGZQL2YS3yR8bIUA=="],

    "esbuild": ["esbuild@0.27.2", "https://registry.npmmirror.com/esbuild/-/esbuild-0.27.2.tgz", { "optionalDependencies": { "@esbuild/aix-ppc64": "0.27.2", "@esbuild/android-arm": "0.27.2", "@esbuild/android-arm64": "0.27.2", "@esbuild/android-x64": "0.27.2", "@esbuild/darwin-arm64": "0.27.2", "@esbuild/darwin-x64": "0.27.2", "@esbuild/freebsd-arm64": "0.27.2", "@esbuild/freebsd-x64": "0.27.2", "@esbuild/linux-arm": "0.27.2", "@esbuild/linux-arm64": "0.27.2", "@esbuild/linux-ia32": "0.27.2", "@esbuild/linux-loong64": "0.27.2", "@esbuild/linux-mips64el": "0.27.2", "@esbuild/linux-ppc64": "0.27.2", "@esbuild/linux-riscv64": "0.27.2", "@esbuild/linux-s390x": "0.27.2", "@esbuild/linux-x64": "0.27.2", "@esbuild/netbsd-arm64": "0.27.2", "@esbuild/netbsd-x64": "0.27.2", "@esbuild/openbsd-arm64": "0.27.2", "@esbuild/openbsd-x64": "0.27.2", "@esbuild/openharmony-arm64": "0.27.2", "@esbuild/sunos-x64": "0.27.2", "@esbuild/win32-arm64": "0.27.2", "@esbuild/win32-ia32": "0.27.2", "@esbuild/win32-x64": "0.27.2" }, "bin": { "esbuild": "bin/esbuild" } }, "sha512-HyNQImnsOC7X9PMNaCIeAm4ISCQXs5a5YasTXVliKv4uuBo1dKrG0A+uQS8M5eXjVMnLg3WgXaKvprHlFJQffw=="],

    "fdir": ["fdir@6.5.0", "https://registry.npmmirror.com/fdir/-/fdir-6.5.0.tgz", { "peerDependencies": { "picomatch": "^3 || ^4" }, "optionalPeers": ["picomatch"] }, "sha512-tIbYtZbucOs0BRGqPJkshJUYdL+SDH7dVM8gjy+ERp3WAUjLEFJE+02kanyHtwjWOnwrKYBiwAmM0p4kLJAnXg=="],

    "fix-dts-default-cjs-exports": ["fix-dts-default-cjs-exports@1.0.1", "https://registry.npmmirror.com/fix-dts-default-cjs-exports/-/fix-dts-default-cjs-exports-1.0.1.tgz", { "dependencies": { "magic-string": "^0.30.17", "mlly": "^1.7.4", "rollup": "^4.34.8" } }, "sha512-pVIECanWFC61Hzl2+oOCtoJ3F17kglZC/6N94eRWycFgBH35hHx0Li604ZIzhseh97mf2p0cv7vVrOZGoqhlEg=="],

    "follow-redirects": ["follow-redirects@1.15.11", "https://registry.npmmirror.com/follow-redirects/-/follow-redirects-1.15.11.tgz", {}, "sha512-deG2P0JfjrTxl50XGCDyfI97ZGVCxIpfKYmfyrQ54n5FO/0gfIES8C/Psl6kWVDolizcaaxZJnTS0QSMxvnsBQ=="],

    "form-data": ["form-data@4.0.5", "https://registry.npmmirror.com/form-data/-/form-data-4.0.5.tgz", { "dependencies": { "asynckit": "^0.4.0", "combined-stream": "^1.0.8", "es-set-tostringtag": "^2.1.0", "hasown": "^2.0.2", "mime-types": "^2.1.12" } }, "sha512-8RipRLol37bNs2bhoV67fiTEvdTrbMUYcFTiy3+wuuOnUog2QBHCZWXDRijWQfAkhBj2Uf5UnVaiWwA5vdd82w=="],

    "fsevents": ["fsevents@2.3.3", "https://registry.npmmirror.com/fsevents/-/fsevents-2.3.3.tgz", { "os": "darwin" }, "sha512-5xoDfX+fL7faATnagmWPpbFtwh/R77WmMMqqHGS65C3vvB0YHrgF+B1YmZ3441tMj5n63k0212XNoJwzlhffQw=="],

    "function-bind": ["function-bind@1.1.2", "https://registry.npmmirror.com/function-bind/-/function-bind-1.1.2.tgz", {}, "sha512-7XHNxH7qX9xG5mIwxkhumTox/MIRNcOgDrxWsMt2pAr23WHp6MrRlN7FBSFpCpr+oVO0F744iUgR82nJMfG2SA=="],

    "get-intrinsic": ["get-intrinsic@1.3.0", "https://registry.npmmirror.com/get-intrinsic/-/get-intrinsic-1.3.0.tgz", { "dependencies": { "call-bind-apply-helpers": "^1.0.2", "es-define-property": "^1.0.1", "es-errors": "^1.3.0", "es-object-atoms": "^1.1.1", "function-bind": "^1.1.2", "get-proto": "^1.0.1", "gopd": "^1.2.0", "has-symbols": "^1.1.0", "hasown": "^2.0.2", "math-intrinsics": "^1.1.0" } }, "sha512-9fSjSaos/fRIVIp+xSJlE6lfwhES7LNtKaCBIamHsjr2na1BiABJPo0mOjjz8GJDURarmCPGqaiVg5mfjb98CQ=="],

    "get-proto": ["get-proto@1.0.1", "https://registry.npmmirror.com/get-proto/-/get-proto-1.0.1.tgz", { "dependencies": { "dunder-proto": "^1.0.1", "es-object-atoms": "^1.0.0" } }, "sha512-sTSfBjoXBp89JvIKIefqw7U2CCebsc74kiY6awiGogKtoSGbgjYE/G/+l9sF3MWFPNc9IcoOC4ODfKHfxFmp0g=="],

    "gopd": ["gopd@1.2.0", "https://registry.npmmirror.com/gopd/-/gopd-1.2.0.tgz", {}, "sha512-ZUKRh6/kUFoAiTAtTYPZJ3hw9wNxx+BIBOijnlG9PnrJsCcSjs1wyyD6vJpaYtgnzDrKYRSqf3OO6Rfa93xsRg=="],

    "has-symbols": ["has-symbols@1.1.0", "https://registry.npmmirror.com/has-symbols/-/has-symbols-1.1.0.tgz", {}, "sha512-1cDNdwJ2Jaohmb3sg4OmKaMBwuC48sYni5HUw2DvsC8LjGTLK9h+eb1X6RyuOHe4hT0ULCW68iomhjUoKUqlPQ=="],

    "has-tostringtag": ["has-tostringtag@1.0.2", "https://registry.npmmirror.com/has-tostringtag/-/has-tostringtag-1.0.2.tgz", { "dependencies": { "has-symbols": "^1.0.3" } }, "sha512-NqADB8VjPFLM2V0VvHUewwwsw0ZWBaIdgo+ieHtK3hasLz4qeCRjYcqfB6AQrBggRKppKF8L52/VqdVsO47Dlw=="],

    "hasown": ["hasown@2.0.2", "https://registry.npmmirror.com/hasown/-/hasown-2.0.2.tgz", { "dependencies": { "function-bind": "^1.1.2" } }, "sha512-0hJU9SCPvmMzIBdZFqNPXWa6dqh7WdH0cII9y+CyS8rG3nL48Bclra9HmKhVVUHyPWNH5Y7xDwAB7bfgSjkUMQ=="],

    "joycon": ["joycon@3.1.1", "https://registry.npmmirror.com/joycon/-/joycon-3.1.1.tgz", {}, "sha512-34wB/Y7MW7bzjKRjUKTa46I2Z7eV62Rkhva+KkopW7Qvv/OSWBqvkSY7vusOPrNuZcUG3tApvdVgNB8POj3SPw=="],

    "lilconfig": ["lilconfig@3.1.3", "https://registry.npmmirror.com/lilconfig/-/lilconfig-3.1.3.tgz", {}, "sha512-/vlFKAoH5Cgt3Ie+JLhRbwOsCQePABiU3tJ1egGvyQ+33R/vcwM2Zl2QR/LzjsBeItPt3oSVXapn+m4nQDvpzw=="],

    "lines-and-columns": ["lines-and-columns@1.2.4", "https://registry.npmmirror.com/lines-and-columns/-/lines-and-columns-1.2.4.tgz", {}, "sha512-7ylylesZQ/PV29jhEDl3Ufjo6ZX7gCqJr5F7PKrqc93v7fzSymt1BpwEU8nAUXs8qzzvqhbjhK5QZg6Mt/HkBg=="],

    "load-tsconfig": ["load-tsconfig@0.2.5", "https://registry.npmmirror.com/load-tsconfig/-/load-tsconfig-0.2.5.tgz", {}, "sha512-IXO6OCs9yg8tMKzfPZ1YmheJbZCiEsnBdcB03l0OcfK9prKnJb96siuHCr5Fl37/yo9DnKU+TLpxzTUspw9shg=="],

    "magic-string": ["magic-string@0.30.21", "https://registry.npmmirror.com/magic-string/-/magic-string-0.30.21.tgz", { "dependencies": { "@jridgewell/sourcemap-codec": "^1.5.5" } }, "sha512-vd2F4YUyEXKGcLHoq+TEyCjxueSeHnFxyyjNp80yg0XV4vUhnDer/lvvlqM/arB5bXQN5K2/3oinyCRyx8T2CQ=="],

    "math-intrinsics": ["math-intrinsics@1.1.0", "https://registry.npmmirror.com/math-intrinsics/-/math-intrinsics-1.1.0.tgz", {}, "sha512-/IXtbwEk5HTPyEwyKX6hGkYXxM9nbj64B+ilVJnC/R6B0pH5G4V3b0pVbL7DBj4tkhBAppbQUlf6F6Xl9LHu1g=="],

    "mime-db": ["mime-db@1.52.0", "https://registry.npmmirror.com/mime-db/-/mime-db-1.52.0.tgz", {}, "sha512-sPU4uV7dYlvtWJxwwxHD0PuihVNiE7TyAbQ5SWxDCB9mUYvOgroQOwYQQOKPJ8CIbE+1ETVlOoK1UC2nU3gYvg=="],

    "mime-types": ["mime-types@2.1.35", "https://registry.npmmirror.com/mime-types/-/mime-types-2.1.35.tgz", { "dependencies": { "mime-db": "1.52.0" } }, "sha512-ZDY+bPm5zTTF+YpCrAU9nK0UgICYPT0QtT1NZWFv4s++TNkcgVaT0g6+4R2uI4MjQjzysHB1zxuWL50hzaeXiw=="],

    "mlly": ["mlly@1.8.0", "https://registry.npmmirror.com/mlly/-/mlly-1.8.0.tgz", { "dependencies": { "acorn": "^8.15.0", "pathe": "^2.0.3", "pkg-types": "^1.3.1", "ufo": "^1.6.1" } }, "sha512-l8D9ODSRWLe2KHJSifWGwBqpTZXIXTeo8mlKjY+E2HAakaTeNpqAyBZ8GSqLzHgw4XmHmC8whvpjJNMbFZN7/g=="],

    "ms": ["ms@2.1.3", "https://registry.npmmirror.com/ms/-/ms-2.1.3.tgz", {}, "sha512-6FlzubTLZG3J2a/NVCAleEhjzq5oxgHyaCU9yYXvcLsvoVaHJq/s5xXI6/XXP6tz7R9xAOtHnSO/tXtF3WRTlA=="],

    "mz": ["mz@2.7.0", "https://registry.npmmirror.com/mz/-/mz-2.7.0.tgz", { "dependencies": { "any-promise": "^1.0.0", "object-assign": "^4.0.1", "thenify-all": "^1.0.0" } }, "sha512-z81GNO7nnYMEhrGh9LeymoE4+Yr0Wn5McHIZMK5cfQCl+NDX08sCZgUc9/6MHni9IWuFLm1Z3HTCXu2z9fN62Q=="],

    "object-assign": ["object-assign@4.1.1", "https://registry.npmmirror.com/object-assign/-/object-assign-4.1.1.tgz", {}, "sha512-rJgTQnkUnH1sFw8yT6VSU3zD3sWmu6sZhIseY8VX+GRu3P6F7Fu+JNDoXfklElbLJSnc3FUQHVe4cU5hj+BcUg=="],

    "pathe": ["pathe@2.0.3", "https://registry.npmmirror.com/pathe/-/pathe-2.0.3.tgz", {}, "sha512-WUjGcAqP1gQacoQe+OBJsFA7Ld4DyXuUIjZ5cc75cLHvJ7dtNsTugphxIADwspS+AraAUePCKrSVtPLFj/F88w=="],

    "picocolors": ["picocolors@1.1.1", "https://registry.npmmirror.com/picocolors/-/picocolors-1.1.1.tgz", {}, "sha512-xceH2snhtb5M9liqDsmEw56le376mTZkEX/jEb/RxNFyegNul7eNslCXP9FDj/Lcu0X8KEyMceP2ntpaHrDEVA=="],

    "picomatch": ["picomatch@4.0.3", "https://registry.npmmirror.com/picomatch/-/picomatch-4.0.3.tgz", {}, "sha512-5gTmgEY/sqK6gFXLIsQNH19lWb4ebPDLA4SdLP7dsWkIXHWlG66oPuVvXSGFPppYZz8ZDZq0dYYrbHfBCVUb1Q=="],

    "pirates": ["pirates@4.0.7", "https://registry.npmmirror.com/pirates/-/pirates-4.0.7.tgz", {}, "sha512-TfySrs/5nm8fQJDcBDuUng3VOUKsd7S+zqvbOTiGXHfxX4wK31ard+hoNuvkicM/2YFzlpDgABOevKSsB4G/FA=="],

    "pkg-types": ["pkg-types@1.3.1", "https://registry.npmmirror.com/pkg-types/-/pkg-types-1.3.1.tgz", { "dependencies": { "confbox": "^0.1.8", "mlly": "^1.7.4", "pathe": "^2.0.1" } }, "sha512-/Jm5M4RvtBFVkKWRu2BLUTNP8/M2a+UwuAX+ae4770q1qVGtfjG+WTCupoZixokjmHiry8uI+dlY8KXYV5HVVQ=="],

    "postcss-load-config": ["postcss-load-config@6.0.1", "https://registry.npmmirror.com/postcss-load-config/-/postcss-load-config-6.0.1.tgz", { "dependencies": { "lilconfig": "^3.1.1" }, "peerDependencies": { "jiti": ">=1.21.0", "postcss": ">=8.0.9", "tsx": "^4.8.1", "yaml": "^2.4.2" }, "optionalPeers": ["jiti", "postcss", "tsx", "yaml"] }, "sha512-oPtTM4oerL+UXmx+93ytZVN82RrlY/wPUV8IeDxFrzIjXOLF1pN+EmKPLbubvKHT2HC20xXsCAH2Z+CKV6Oz/g=="],

    "proxy-from-env": ["proxy-from-env@1.1.0", "https://registry.npmmirror.com/proxy-from-env/-/proxy-from-env-1.1.0.tgz", {}, "sha512-D+zkORCbA9f1tdWRK0RaCR3GPv50cMxcrz4X8k5LTSUD1Dkw47mKJEZQNunItRTkWwgtaUSo1RVFRIG9ZXiFYg=="],

    "readdirp": ["readdirp@4.1.2", "https://registry.npmmirror.com/readdirp/-/readdirp-4.1.2.tgz", {}, "sha512-GDhwkLfywWL2s6vEjyhri+eXmfH6j1L7JE27WhqLeYzoh/A3DBaYGEj2H/HFZCn/kMfim73FXxEJTw06WtxQwg=="],

    "resolve-from": ["resolve-from@5.0.0", "https://registry.npmmirror.com/resolve-from/-/resolve-from-5.0.0.tgz", {}, "sha512-qYg9KP24dD5qka9J47d0aVky0N+b4fTU89LN9iDnjB5waksiC49rvMB0PrUJQGoTmH50XPiqOvAjDfaijGxYZw=="],

    "rollup": ["rollup@4.57.1", "https://registry.npmmirror.com/rollup/-/rollup-4.57.1.tgz", { "dependencies": { "@types/estree": "1.0.8" }, "optionalDependencies": { "@rollup/rollup-android-arm-eabi": "4.57.1", "@rollup/rollup-android-arm64": "4.57.1", "@rollup/rollup-darwin-arm64": "4.57.1", "@rollup/rollup-darwin-x64": "4.57.1", "@rollup/rollup-freebsd-arm64": "4.57.1", "@rollup/rollup-freebsd-x64": "4.57.1", "@rollup/rollup-linux-arm-gnueabihf": "4.57.1", "@rollup/rollup-linux-arm-musleabihf": "4.57.1", "@rollup/rollup-linux-arm64-gnu": "4.57.1", "@rollup/rollup-linux-arm64-musl": "4.57.1", "@rollup/rollup-linux-loong64-gnu": "4.57.1", "@rollup/rollup-linux-loong64-musl": "4.57.1", "@rollup/rollup-linux-ppc64-gnu": "4.57.1", "@rollup/rollup-linux-ppc64-musl": "4.57.1", "@rollup/rollup-linux-riscv64-gnu": "4.57.1", "@rollup/rollup-linux-riscv64-musl": "4.57.1", "@rollup/rollup-linux-s390x-gnu": "4.57.1", "@rollup/rollup-linux-x64-gnu": "4.57.1", "@rollup/rollup-linux-x64-musl": "4.57.1", "@rollup/rollup-openbsd-x64": "4.57.1", "@rollup/rollup-openharmony-arm64": "4.57.1", "@rollup/rollup-win32-arm64-msvc": "4.57.1", "@rollup/rollup-win32-ia32-msvc": "4.57.1", "@rollup/rollup-win32-x64-gnu": "4.57.1", "@rollup/rollup-win32-x64-msvc": "4.57.1", "fsevents": "~2.3.2" }, "bin": { "rollup": "dist/bin/rollup" } }, "sha512-oQL6lgK3e2QZeQ7gcgIkS2YZPg5slw37hYufJ3edKlfQSGGm8ICoxswK15ntSzF/a8+h7ekRy7k7oWc3BQ7y8A=="],

    "source-map": ["source-map@0.7.6", "https://registry.npmmirror.com/source-map/-/source-map-0.7.6.tgz", {}, "sha512-i5uvt8C3ikiWeNZSVZNWcfZPItFQOsYTUAOkcUPGd8DqDy1uOUikjt5dG+uRlwyvR108Fb9DOd4GvXfT0N2/uQ=="],

    "sucrase": ["sucrase@3.35.1", "https://registry.npmmirror.com/sucrase/-/sucrase-3.35.1.tgz", { "dependencies": { "@jridgewell/gen-mapping": "^0.3.2", "commander": "^4.0.0", "lines-and-columns": "^1.1.6", "mz": "^2.7.0", "pirates": "^4.0.1", "tinyglobby": "^0.2.11", "ts-interface-checker": "^0.1.9" }, "bin": { "sucrase": "bin/sucrase", "sucrase-node": "bin/sucrase-node" } }, "sha512-DhuTmvZWux4H1UOnWMB3sk0sbaCVOoQZjv8u1rDoTV0HTdGem9hkAZtl4JZy8P2z4Bg0nT+YMeOFyVr4zcG5Tw=="],

    "thenify": ["thenify@3.3.1", "https://registry.npmmirror.com/thenify/-/thenify-3.3.1.tgz", { "dependencies": { "any-promise": "^1.0.0" } }, "sha512-RVZSIV5IG10Hk3enotrhvz0T9em6cyHBLkH/YAZuKqd8hRkKhSfCGIcP2KUY0EPxndzANBmNllzWPwak+bheSw=="],

    "thenify-all": ["thenify-all@1.6.0", "https://registry.npmmirror.com/thenify-all/-/thenify-all-1.6.0.tgz", { "dependencies": { "thenify": ">= 3.1.0 < 4" } }, "sha512-RNxQH/qI8/t3thXJDwcstUO4zeqo64+Uy/+sNVRBx4Xn2OX+OZ9oP+iJnNFqplFra2ZUVeKCSa2oVWi3T4uVmA=="],

    "tinyexec": ["tinyexec@0.3.2", "https://registry.npmmirror.com/tinyexec/-/tinyexec-0.3.2.tgz", {}, "sha512-KQQR9yN7R5+OSwaK0XQoj22pwHoTlgYqmUscPYoknOoWCWfj/5/ABTMRi69FrKU5ffPVh5QcFikpWJI/P1ocHA=="],

    "tinyglobby": ["tinyglobby@0.2.15", "https://registry.npmmirror.com/tinyglobby/-/tinyglobby-0.2.15.tgz", { "dependencies": { "fdir": "^6.5.0", "picomatch": "^4.0.3" } }, "sha512-j2Zq4NyQYG5XMST4cbs02Ak8iJUdxRM0XI5QyxXuZOzKOINmWurp3smXu3y5wDcJrptwpSjgXHzIQxR0omXljQ=="],

    "tree-kill": ["tree-kill@1.2.2", "https://registry.npmmirror.com/tree-kill/-/tree-kill-1.2.2.tgz", { "bin": { "tree-kill": "cli.js" } }, "sha512-L0Orpi8qGpRG//Nd+H90vFB+3iHnue1zSSGmNOOCh1GLJ7rUKVwV2HvijphGQS2UmhUZewS9VgvxYIdgr+fG1A=="],

    "ts-interface-checker": ["ts-interface-checker@0.1.13", "https://registry.npmmirror.com/ts-interface-checker/-/ts-interface-checker-0.1.13.tgz", {}, "sha512-Y/arvbn+rrz3JCKl9C4kVNfTfSm2/mEp5FSz5EsZSANGPSlQrpRI5M4PKF+mJnE52jOO90PnPSc3Ur3bTQw0gA=="],

    "tsup": ["tsup@8.5.1", "https://registry.npmmirror.com/tsup/-/tsup-8.5.1.tgz", { "dependencies": { "bundle-require": "^5.1.0", "cac": "^6.7.14", "chokidar": "^4.0.3", "consola": "^3.4.0", "debug": "^4.4.0", "esbuild": "^0.27.0", "fix-dts-default-cjs-exports": "^1.0.0", "joycon": "^3.1.1", "picocolors": "^1.1.1", "postcss-load-config": "^6.0.1", "resolve-from": "^5.0.0", "rollup": "^4.34.8", "source-map": "^0.7.6", "sucrase": "^3.35.0", "tinyexec": "^0.3.2", "tinyglobby": "^0.2.11", "tree-kill": "^1.2.2" }, "peerDependencies": { "@microsoft/api-extractor": "^7.36.0", "@swc/core": "^1", "postcss": "^8.4.12", "typescript": ">=4.5.0" }, "optionalPeers": ["@microsoft/api-extractor", "@swc/core", "postcss", "typescript"], "bin": { "tsup": "dist/cli-default.js", "tsup-node": "dist/cli-node.js" } }, "sha512-xtgkqwdhpKWr3tKPmCkvYmS9xnQK3m3XgxZHwSUjvfTjp7YfXe5tT3GgWi0F2N+ZSMsOeWeZFh7ZZFg5iPhing=="],

    "typescript": ["typescript@5.9.3", "https://registry.npmmirror.com/typescript/-/typescript-5.9.3.tgz", { "bin": { "tsc": "bin/tsc", "tsserver": "bin/tsserver" } }, "sha512-jl1vZzPDinLr9eUt3J/t7V6FgNEw9QjvBPdysz9KfQDD41fQrC2Y4vKQdiaUpFT4bXlb1RHhLpp8wtm6M5TgSw=="],

    "ufo": ["ufo@1.6.3", "https://registry.npmmirror.com/ufo/-/ufo-1.6.3.tgz", {}, "sha512-yDJTmhydvl5lJzBmy/hyOAA0d+aqCBuwl818haVdYCRrWV84o7YyeVm4QlVHStqNrrJSTb6jKuFAVqAFsr+K3Q=="],

    "undici-types": ["undici-types@6.21.0", "https://registry.npmmirror.com/undici-types/-/undici-types-6.21.0.tgz", {}, "sha512-iwDZqg0QAGrg9Rav5H4n0M64c3mkR59cJ6wQp+7C4nI0gsmExaedaYLNO44eT4AtBBwjbTiGPMlt2Md0T9H9JQ=="],

    "zod": ["zod@3.25.76", "https://registry.npmmirror.com/zod/-/zod-3.25.76.tgz", {}, "sha512-gzUt/qt81nXsFGKIFcC3YnfEAx5NkunCfnDlvuBSSFS02bcXu4Lmea0AFIUwbLWxWPx3d9p8S5QoaujKcNQxcQ=="],
  }
}
